// !$*UTF8*$!
{
	archiveVersion = 1;
	classes = {
	};
	objectVersion = 77;
	objects = {

/* Begin PBXBuildFile section */
		00FEBB52A9159B0DA2DB0BD1 /* ZIPFoundation in Frameworks */ = {isa = PBXBuildFile; productRef = 8D254D25EC0DCBC2FF287C05 /* ZIPFoundation */; };
		03B4ADE8AA7091CF9083B02F /* PhotogrammetryRunner.swift in Sources */ = {isa = PBXBuildFile; fileRef = B31CB2BDB4AAA6266CA396D7 /* PhotogrammetryRunner.swift */; };
		03B679D586AF0E119F8E1CA1 /* PhotogrammetryRunner.swift in Sources */ = {isa = PBXBuildFile; fileRef = B31CB2BDB4AAA6266CA396D7 /* PhotogrammetryRunner.swift */; };
		043DE1418392692AAA10B8CC /* AIPBRMaterialEstimator.swift in Sources */ = {isa = PBXBuildFile; fileRef = F2AC060B0BE18A703CEF83F1 /* AIPBRMaterialEstimator.swift */; };
		04C808A00EBAEAF77E28BE75 /* 3DSeenApp.swift in Sources */ = {isa = PBXBuildFile; fileRef = F211D1F95F1137E6ED3888EC /* 3DSeenApp.swift */; };
		115B1546366E464ABE2A4F77 /* CaptureCoordinatorView.swift in Sources */ = {isa = PBXBuildFile; fileRef = 408269989B88069C5E20274C /* CaptureCoordinatorView.swift */; };
		1E1F878E6C6326284EEBB948 /* ScanSession.swift in Sources */ = {isa = PBXBuildFile; fileRef = 3DA53940BBA8FCD5C9ED3794 /* ScanSession.swift */; };
		31FF8BF44AA09B27753AC560 /* ContentView.swift in Sources */ = {isa = PBXBuildFile; fileRef = 47FB66CD6FDBB2AC3D0347FE /* ContentView.swift */; };
		383F4B63670447CFCD1B1E6C /* MaterialOverrideLibrary.swift in Sources */ = {isa = PBXBuildFile; fileRef = A62228C3C6D40D57E5609FAF /* MaterialOverrideLibrary.swift */; };
		3AEE80DA890B13896C22D33B /* ProcessingStateMachine.swift in Sources */ = {isa = PBXBuildFile; fileRef = 69735CC14F7457670ECBD7C6 /* ProcessingStateMachine.swift */; };
		3F8832F31EF44497117BAE69 /* ZIPFoundation in Frameworks */ = {isa = PBXBuildFile; productRef = B8A7E315EAB4A35CDE7FAF4A /* ZIPFoundation */; };
		497EAD07AE55DB09ABE70E8D /* LocalQueueManager.swift in Sources */ = {isa = PBXBuildFile; fileRef = 4D346EB2BD18E2A661B3BF1F /* LocalQueueManager.swift */; };
		4996E9BB3BA317180388D3D0 /* AutoPilotVisionManager.swift in Sources */ = {isa = PBXBuildFile; fileRef = 9A2A28C46F8496F999E0A552 /* AutoPilotVisionManager.swift */; };
		55143D9E4B912C225EB8EA4A /* AutoPilotVisionManager.swift in Sources */ = {isa = PBXBuildFile; fileRef = 9A2A28C46F8496F999E0A552 /* AutoPilotVisionManager.swift */; };
		59CC507288BCD9845C86EF8F /* NetworkHandoffManager.swift in Sources */ = {isa = PBXBuildFile; fileRef = DF6140FFD36ADB270491891B /* NetworkHandoffManager.swift */; };
		7B5F4899EDD7F2DD18D1774A /* ModelExporter.swift in Sources */ = {isa = PBXBuildFile; fileRef = E047A386A69A590077D0400E /* ModelExporter.swift */; };
		8A52477CCC65BB076A63E066 /* AIPBRMaterialEstimator.swift in Sources */ = {isa = PBXBuildFile; fileRef = F2AC060B0BE18A703CEF83F1 /* AIPBRMaterialEstimator.swift */; };
		8E700DABEC216E751BB48DA2 /* NetworkHandoffManager.swift in Sources */ = {isa = PBXBuildFile; fileRef = DF6140FFD36ADB270491891B /* NetworkHandoffManager.swift */; };
		8FD1DFD6480E1451FA3A84AF /* ProcessingStateMachine.swift in Sources */ = {isa = PBXBuildFile; fileRef = 69735CC14F7457670ECBD7C6 /* ProcessingStateMachine.swift */; };
		A31D2D59339DF68E73EBDCEE /* 3DSeenApp.swift in Sources */ = {isa = PBXBuildFile; fileRef = D15C2670C33C1808B927D57A /* 3DSeenApp.swift */; };
		AAF5D0F35FCEB5BB7F1AE0A8 /* MaterialOverrideLibrary.swift in Sources */ = {isa = PBXBuildFile; fileRef = A62228C3C6D40D57E5609FAF /* MaterialOverrideLibrary.swift */; };
		AE8F535CD9B1D83E75355533 /* ContentView.swift in Sources */ = {isa = PBXBuildFile; fileRef = CFCC585299A17E4BD48468C3 /* ContentView.swift */; };
		B796705BCBA29BDB14A9363D /* LandscapeCaptureEngine.swift in Sources */ = {isa = PBXBuildFile; fileRef = D699E59014BAC0A8CD7BF80F /* LandscapeCaptureEngine.swift */; };
		C378704DEF112B1161D98AC7 /* ScanSession.swift in Sources */ = {isa = PBXBuildFile; fileRef = 3DA53940BBA8FCD5C9ED3794 /* ScanSession.swift */; };
		C9AD59FF6F58547E4021D6B9 /* ObjectCaptureEngine.swift in Sources */ = {isa = PBXBuildFile; fileRef = C0DE453E975B978103D45FAD /* ObjectCaptureEngine.swift */; };
		E513C6B11FDF2F8B206A880C /* InstantARPreviewView.swift in Sources */ = {isa = PBXBuildFile; fileRef = FDC93F5F0CA812F1896479A5 /* InstantARPreviewView.swift */; };
		EABE927EC6A92DE33514BC0E /* RoomCaptureEngine.swift in Sources */ = {isa = PBXBuildFile; fileRef = 9DAD8A7ADE795A2D03C0A5C7 /* RoomCaptureEngine.swift */; };
		EB2C0D73EEDCA21A965BA071 /* LocalQueueManager.swift in Sources */ = {isa = PBXBuildFile; fileRef = 4D346EB2BD18E2A661B3BF1F /* LocalQueueManager.swift */; };
		FD43883779E29AB156CF5093 /* ModelExporter.swift in Sources */ = {isa = PBXBuildFile; fileRef = E047A386A69A590077D0400E /* ModelExporter.swift */; };
/* End PBXBuildFile section */

/* Begin PBXFileReference section */
		17A99EDAB0502DBA8088D72E /* 3DSeen-iOS.app */ = {isa = PBXFileReference; includeInIndex = 0; lastKnownFileType = wrapper.application; path = "3DSeen-iOS.app"; sourceTree = BUILT_PRODUCTS_DIR; };
		20AF247B7CE0D9B6DF319A58 /* Info.plist */ = {isa = PBXFileReference; lastKnownFileType = text.plist; path = Info.plist; sourceTree = "<group>"; };
		2247D2A1179515E2A33AC847 /* Info.plist */ = {isa = PBXFileReference; lastKnownFileType = text.plist; path = Info.plist; sourceTree = "<group>"; };
		2ED5C71A1B4B5EFDF6665381 /* 3DSeen-macOS.app */ = {isa = PBXFileReference; explicitFileType = wrapper.application; includeInIndex = 0; path = "3DSeen-macOS.app"; sourceTree = BUILT_PRODUCTS_DIR; };
		3DA53940BBA8FCD5C9ED3794 /* ScanSession.swift */ = {isa = PBXFileReference; lastKnownFileType = sourcecode.swift; path = ScanSession.swift; sourceTree = "<group>"; };
		408269989B88069C5E20274C /* CaptureCoordinatorView.swift */ = {isa = PBXFileReference; lastKnownFileType = sourcecode.swift; path = CaptureCoordinatorView.swift; sourceTree = "<group>"; };
		47FB66CD6FDBB2AC3D0347FE /* ContentView.swift */ = {isa = PBXFileReference; lastKnownFileType = sourcecode.swift; path = ContentView.swift; sourceTree = "<group>"; };
		4D346EB2BD18E2A661B3BF1F /* LocalQueueManager.swift */ = {isa = PBXFileReference; lastKnownFileType = sourcecode.swift; path = LocalQueueManager.swift; sourceTree = "<group>"; };
		69735CC14F7457670ECBD7C6 /* ProcessingStateMachine.swift */ = {isa = PBXFileReference; lastKnownFileType = sourcecode.swift; path = ProcessingStateMachine.swift; sourceTree = "<group>"; };
		9A2A28C46F8496F999E0A552 /* AutoPilotVisionManager.swift */ = {isa = PBXFileReference; lastKnownFileType = sourcecode.swift; path = AutoPilotVisionManager.swift; sourceTree = "<group>"; };
		9DAD8A7ADE795A2D03C0A5C7 /* RoomCaptureEngine.swift */ = {isa = PBXFileReference; lastKnownFileType = sourcecode.swift; path = RoomCaptureEngine.swift; sourceTree = "<group>"; };
		A62228C3C6D40D57E5609FAF /* MaterialOverrideLibrary.swift */ = {isa = PBXFileReference; lastKnownFileType = sourcecode.swift; path = MaterialOverrideLibrary.swift; sourceTree = "<group>"; };
		B31CB2BDB4AAA6266CA396D7 /* PhotogrammetryRunner.swift */ = {isa = PBXFileReference; lastKnownFileType = sourcecode.swift; path = PhotogrammetryRunner.swift; sourceTree = "<group>"; };
		C0DE453E975B978103D45FAD /* ObjectCaptureEngine.swift */ = {isa = PBXFileReference; lastKnownFileType = sourcecode.swift; path = ObjectCaptureEngine.swift; sourceTree = "<group>"; };
		CFCC585299A17E4BD48468C3 /* ContentView.swift */ = {isa = PBXFileReference; lastKnownFileType = sourcecode.swift; path = ContentView.swift; sourceTree = "<group>"; };
		D15C2670C33C1808B927D57A /* 3DSeenApp.swift */ = {isa = PBXFileReference; lastKnownFileType = sourcecode.swift; path = 3DSeenApp.swift; sourceTree = "<group>"; };
		D699E59014BAC0A8CD7BF80F /* LandscapeCaptureEngine.swift */ = {isa = PBXFileReference; lastKnownFileType = sourcecode.swift; path = LandscapeCaptureEngine.swift; sourceTree = "<group>"; };
		DF6140FFD36ADB270491891B /* NetworkHandoffManager.swift */ = {isa = PBXFileReference; lastKnownFileType = sourcecode.swift; path = NetworkHandoffManager.swift; sourceTree = "<group>"; };
		E047A386A69A590077D0400E /* ModelExporter.swift */ = {isa = PBXFileReference; lastKnownFileType = sourcecode.swift; path = ModelExporter.swift; sourceTree = "<group>"; };
		F211D1F95F1137E6ED3888EC /* 3DSeenApp.swift */ = {isa = PBXFileReference; lastKnownFileType = sourcecode.swift; path = 3DSeenApp.swift; sourceTree = "<group>"; };
		F2AC060B0BE18A703CEF83F1 /* AIPBRMaterialEstimator.swift */ = {isa = PBXFileReference; lastKnownFileType = sourcecode.swift; path = AIPBRMaterialEstimator.swift; sourceTree = "<group>"; };
		F61C5D857D6ED1840F11ADA5 /* 3DSeen-macOS.entitlements */ = {isa = PBXFileReference; lastKnownFileType = text.plist.entitlements; path = "3DSeen-macOS.entitlements"; sourceTree = "<group>"; };
		FDC93F5F0CA812F1896479A5 /* InstantARPreviewView.swift */ = {isa = PBXFileReference; lastKnownFileType = sourcecode.swift; path = InstantARPreviewView.swift; sourceTree = "<group>"; };
/* End PBXFileReference section */

/* Begin PBXFrameworksBuildPhase section */
		3EB781DEE5DE3C2C601471C9 /* Frameworks */ = {
			isa = PBXFrameworksBuildPhase;
			buildActionMask = 2147483647;
			files = (
				00FEBB52A9159B0DA2DB0BD1 /* ZIPFoundation in Frameworks */,
			);
			runOnlyForDeploymentPostprocessing = 0;
		};
		94F52BF3773719762C340326 /* Frameworks */ = {
			isa = PBXFrameworksBuildPhase;
			buildActionMask = 2147483647;
			files = (
				3F8832F31EF44497117BAE69 /* ZIPFoundation in Frameworks */,
			);
			runOnlyForDeploymentPostprocessing = 0;
		};
/* End PBXFrameworksBuildPhase section */

/* Begin PBXGroup section */
		1D6D52D2D287382AB01E212F /* iOS */ = {
			isa = PBXGroup;
			children = (
				D15C2670C33C1808B927D57A /* 3DSeenApp.swift */,
				47FB66CD6FDBB2AC3D0347FE /* ContentView.swift */,
				2247D2A1179515E2A33AC847 /* Info.plist */,
				3D8B70A79B4750B567770036 /* Capture */,
				A06BF8B6F0844C047FCBD0FE /* Preview */,
			);
			name = iOS;
			path = Sources/iOS;
			sourceTree = "<group>";
		};
		2E861A7D7DC905AA9A114D94 /* Compute */ = {
			isa = PBXGroup;
			children = (
				B31CB2BDB4AAA6266CA396D7 /* PhotogrammetryRunner.swift */,
			);
			path = Compute;
			sourceTree = "<group>";
		};
		3D8B70A79B4750B567770036 /* Capture */ = {
			isa = PBXGroup;
			children = (
				408269989B88069C5E20274C /* CaptureCoordinatorView.swift */,
				D699E59014BAC0A8CD7BF80F /* LandscapeCaptureEngine.swift */,
				C0DE453E975B978103D45FAD /* ObjectCaptureEngine.swift */,
				9DAD8A7ADE795A2D03C0A5C7 /* RoomCaptureEngine.swift */,
			);
			path = Capture;
			sourceTree = "<group>";
		};
		46AEED3F955B86E9A8BEBDF6 /* macOS */ = {
			isa = PBXGroup;
			children = (
				F61C5D857D6ED1840F11ADA5 /* 3DSeen-macOS.entitlements */,
				F211D1F95F1137E6ED3888EC /* 3DSeenApp.swift */,
				CFCC585299A17E4BD48468C3 /* ContentView.swift */,
				20AF247B7CE0D9B6DF319A58 /* Info.plist */,
			);
			name = macOS;
			path = Sources/macOS;
			sourceTree = "<group>";
		};
		56961C7045746EB6506A1DB9 /* Models */ = {
			isa = PBXGroup;
			children = (
				3DA53940BBA8FCD5C9ED3794 /* ScanSession.swift */,
			);
			path = Models;
			sourceTree = "<group>";
		};
		59D7DC9C7388785CD7ABAA9A /* Products */ = {
			isa = PBXGroup;
			children = (
				17A99EDAB0502DBA8088D72E /* 3DSeen-iOS.app */,
				2ED5C71A1B4B5EFDF6665381 /* 3DSeen-macOS.app */,
			);
			name = Products;
			sourceTree = "<group>";
		};
		6A82A2287EF68776B7B34F90 = {
			isa = PBXGroup;
			children = (
				1D6D52D2D287382AB01E212F /* iOS */,
				46AEED3F955B86E9A8BEBDF6 /* macOS */,
				A4B9BBA90BA6CB09C3ED9264 /* Shared */,
				59D7DC9C7388785CD7ABAA9A /* Products */,
			);
			sourceTree = "<group>";
		};
		96A52C2A8700B792644B0BED /* Export */ = {
			isa = PBXGroup;
			children = (
				E047A386A69A590077D0400E /* ModelExporter.swift */,
			);
			path = Export;
			sourceTree = "<group>";
		};
		A06BF8B6F0844C047FCBD0FE /* Preview */ = {
			isa = PBXGroup;
			children = (
				FDC93F5F0CA812F1896479A5 /* InstantARPreviewView.swift */,
			);
			path = Preview;
			sourceTree = "<group>";
		};
		A4B9BBA90BA6CB09C3ED9264 /* Shared */ = {
			isa = PBXGroup;
			children = (
				9A2A28C46F8496F999E0A552 /* AutoPilotVisionManager.swift */,
				4D346EB2BD18E2A661B3BF1F /* LocalQueueManager.swift */,
				DF6140FFD36ADB270491891B /* NetworkHandoffManager.swift */,
				69735CC14F7457670ECBD7C6 /* ProcessingStateMachine.swift */,
				2E861A7D7DC905AA9A114D94 /* Compute */,
				96A52C2A8700B792644B0BED /* Export */,
				B74EB09E49E90C9A59191B50 /* Materials */,
				56961C7045746EB6506A1DB9 /* Models */,
			);
			name = Shared;
			path = Sources/Shared;
			sourceTree = "<group>";
		};
		B74EB09E49E90C9A59191B50 /* Materials */ = {
			isa = PBXGroup;
			children = (
				F2AC060B0BE18A703CEF83F1 /* AIPBRMaterialEstimator.swift */,
				A62228C3C6D40D57E5609FAF /* MaterialOverrideLibrary.swift */,
			);
			path = Materials;
			sourceTree = "<group>";
		};
/* End PBXGroup section */

/* Begin PBXNativeTarget section */
		A4887E1AD8B7BA1740FD76AD /* 3DSeen-iOS */ = {
			isa = PBXNativeTarget;
			buildConfigurationList = 06F24075E535F990A2B572CD /* Build configuration list for PBXNativeTarget "3DSeen-iOS" */;
			buildPhases = (
				EE766023D1539986992EE7F3 /* Sources */,
				3EB781DEE5DE3C2C601471C9 /* Frameworks */,
			);
			buildRules = (
			);
			dependencies = (
			);
			name = "3DSeen-iOS";
			packageProductDependencies = (
				8D254D25EC0DCBC2FF287C05 /* ZIPFoundation */,
			);
			productName = "3DSeen-iOS";
			productReference = 17A99EDAB0502DBA8088D72E /* 3DSeen-iOS.app */;
			productType = "com.apple.product-type.application";
		};
		C8B195E2C4D9380B04FC7074 /* 3DSeen-macOS */ = {
			isa = PBXNativeTarget;
			buildConfigurationList = 0B7D927FD12DE35EA7ED015F /* Build configuration list for PBXNativeTarget "3DSeen-macOS" */;
			buildPhases = (
				5798CD089021E09D89B23E78 /* Sources */,
				94F52BF3773719762C340326 /* Frameworks */,
			);
			buildRules = (
			);
			dependencies = (
			);
			name = "3DSeen-macOS";
			packageProductDependencies = (
				B8A7E315EAB4A35CDE7FAF4A /* ZIPFoundation */,
			);
			productName = "3DSeen-macOS";
			productReference = 2ED5C71A1B4B5EFDF6665381 /* 3DSeen-macOS.app */;
			productType = "com.apple.product-type.application";
		};
/* End PBXNativeTarget section */

/* Begin PBXProject section */
		2D4C504670C3FC2DB92EEC6E /* Project object */ = {
			isa = PBXProject;
			attributes = {
				BuildIndependentTargetsInParallel = YES;
				LastUpgradeCheck = 1430;
				TargetAttributes = {
					A4887E1AD8B7BA1740FD76AD = {
						DevelopmentTeam = "";
					};
					C8B195E2C4D9380B04FC7074 = {
						DevelopmentTeam = "";
					};
				};
			};
			buildConfigurationList = 0AA503F6F79F2C91CA7D4383 /* Build configuration list for PBXProject "3DSeen" */;
			developmentRegion = en;
			hasScannedForEncodings = 0;
			knownRegions = (
				Base,
				en,
			);
			mainGroup = 6A82A2287EF68776B7B34F90;
			minimizedProjectReferenceProxies = 1;
			packageReferences = (
				8BBD7080256AF76F788CAE29 /* XCRemoteSwiftPackageReference "ZIPFoundation" */,
			);
			preferredProjectObjectVersion = 77;
			productRefGroup = 59D7DC9C7388785CD7ABAA9A /* Products */;
			projectDirPath = "";
			projectRoot = "";
			targets = (
				A4887E1AD8B7BA1740FD76AD /* 3DSeen-iOS */,
				C8B195E2C4D9380B04FC7074 /* 3DSeen-macOS */,
			);
		};
/* End PBXProject section */

/* Begin PBXSourcesBuildPhase section */
		5798CD089021E09D89B23E78 /* Sources */ = {
			isa = PBXSourcesBuildPhase;
			buildActionMask = 2147483647;
			files = (
				04C808A00EBAEAF77E28BE75 /* 3DSeenApp.swift in Sources */,
				8A52477CCC65BB076A63E066 /* AIPBRMaterialEstimator.swift in Sources */,
				55143D9E4B912C225EB8EA4A /* AutoPilotVisionManager.swift in Sources */,
				AE8F535CD9B1D83E75355533 /* ContentView.swift in Sources */,
				497EAD07AE55DB09ABE70E8D /* LocalQueueManager.swift in Sources */,
				AAF5D0F35FCEB5BB7F1AE0A8 /* MaterialOverrideLibrary.swift in Sources */,
				FD43883779E29AB156CF5093 /* ModelExporter.swift in Sources */,
				59CC507288BCD9845C86EF8F /* NetworkHandoffManager.swift in Sources */,
				03B4ADE8AA7091CF9083B02F /* PhotogrammetryRunner.swift in Sources */,
				8FD1DFD6480E1451FA3A84AF /* ProcessingStateMachine.swift in Sources */,
				1E1F878E6C6326284EEBB948 /* ScanSession.swift in Sources */,
			);
			runOnlyForDeploymentPostprocessing = 0;
		};
		EE766023D1539986992EE7F3 /* Sources */ = {
			isa = PBXSourcesBuildPhase;
			buildActionMask = 2147483647;
			files = (
				A31D2D59339DF68E73EBDCEE /* 3DSeenApp.swift in Sources */,
				043DE1418392692AAA10B8CC /* AIPBRMaterialEstimator.swift in Sources */,
				4996E9BB3BA317180388D3D0 /* AutoPilotVisionManager.swift in Sources */,
				115B1546366E464ABE2A4F77 /* CaptureCoordinatorView.swift in Sources */,
				31FF8BF44AA09B27753AC560 /* ContentView.swift in Sources */,
				E513C6B11FDF2F8B206A880C /* InstantARPreviewView.swift in Sources */,
				B796705BCBA29BDB14A9363D /* LandscapeCaptureEngine.swift in Sources */,
				EB2C0D73EEDCA21A965BA071 /* LocalQueueManager.swift in Sources */,
				383F4B63670447CFCD1B1E6C /* MaterialOverrideLibrary.swift in Sources */,
				7B5F4899EDD7F2DD18D1774A /* ModelExporter.swift in Sources */,
				8E700DABEC216E751BB48DA2 /* NetworkHandoffManager.swift in Sources */,
				C9AD59FF6F58547E4021D6B9 /* ObjectCaptureEngine.swift in Sources */,
				03B679D586AF0E119F8E1CA1 /* PhotogrammetryRunner.swift in Sources */,
				3AEE80DA890B13896C22D33B /* ProcessingStateMachine.swift in Sources */,
				EABE927EC6A92DE33514BC0E /* RoomCaptureEngine.swift in Sources */,
				C378704DEF112B1161D98AC7 /* ScanSession.swift in Sources */,
			);
			runOnlyForDeploymentPostprocessing = 0;
		};
/* End PBXSourcesBuildPhase section */

/* Begin XCBuildConfiguration section */
		28F186F2A2D2DCAABE3E87BA /* Release */ = {
			isa = XCBuildConfiguration;
			buildSettings = {
				ASSETCATALOG_COMPILER_APPICON_NAME = AppIcon;
				CODE_SIGN_ENTITLEMENTS = "Sources/macOS/3DSeen-macOS.entitlements";
				COMBINE_HIDPI_IMAGES = YES;
				DEVELOPMENT_TEAM = "";
				ENABLE_PREVIEWS = YES;
				INFOPLIST_FILE = Sources/macOS/Info.plist;
				LD_RUNPATH_SEARCH_PATHS = (
					"$(inherited)",
					"@executable_path/../Frameworks",
				);
				PRODUCT_BUNDLE_IDENTIFIER = "com.adamnolle.3DSeen-macOS";
				SDKROOT = macosx;
				SWIFT_VERSION = 5.9;
			};
			name = Release;
		};
		32886FA0AB81CFA459B12327 /* Release */ = {
			isa = XCBuildConfiguration;
			buildSettings = {
				ALWAYS_SEARCH_USER_PATHS = NO;
				CLANG_ANALYZER_NONNULL = YES;
				CLANG_ANALYZER_NUMBER_OBJECT_CONVERSION = YES_AGGRESSIVE;
				CLANG_CXX_LANGUAGE_STANDARD = "gnu++14";
				CLANG_CXX_LIBRARY = "libc++";
				CLANG_ENABLE_MODULES = YES;
				CLANG_ENABLE_OBJC_ARC = YES;
				CLANG_ENABLE_OBJC_WEAK = YES;
				CLANG_WARN_BLOCK_CAPTURE_AUTORELEASING = YES;
				CLANG_WARN_BOOL_CONVERSION = YES;
				CLANG_WARN_COMMA = YES;
				CLANG_WARN_CONSTANT_CONVERSION = YES;
				CLANG_WARN_DEPRECATED_OBJC_IMPLEMENTATIONS = YES;
				CLANG_WARN_DIRECT_OBJC_ISA_USAGE = YES_ERROR;
				CLANG_WARN_DOCUMENTATION_COMMENTS = YES;
				CLANG_WARN_EMPTY_BODY = YES;
				CLANG_WARN_ENUM_CONVERSION = YES;
				CLANG_WARN_INFINITE_RECURSION = YES;
				CLANG_WARN_INT_CONVERSION = YES;
				CLANG_WARN_NON_LITERAL_NULL_CONVERSION = YES;
				CLANG_WARN_OBJC_IMPLICIT_RETAIN_SELF = YES;
				CLANG_WARN_OBJC_LITERAL_CONVERSION = YES;
				CLANG_WARN_OBJC_ROOT_CLASS = YES_ERROR;
				CLANG_WARN_QUOTED_INCLUDE_IN_FRAMEWORK_HEADER = YES;
				CLANG_WARN_RANGE_LOOP_ANALYSIS = YES;
				CLANG_WARN_STRICT_PROTOTYPES = YES;
				CLANG_WARN_SUSPICIOUS_MOVE = YES;
				CLANG_WARN_UNGUARDED_AVAILABILITY = YES_AGGRESSIVE;
				CLANG_WARN_UNREACHABLE_CODE = YES;
				CLANG_WARN__DUPLICATE_METHOD_MATCH = YES;
				COPY_PHASE_STRIP = NO;
				DEBUG_INFORMATION_FORMAT = "dwarf-with-dsym";
				ENABLE_NS_ASSERTIONS = NO;
				ENABLE_STRICT_OBJC_MSGSEND = YES;
				GCC_C_LANGUAGE_STANDARD = gnu11;
				GCC_NO_COMMON_BLOCKS = YES;
				GCC_WARN_64_TO_32_BIT_CONVERSION = YES;
				GCC_WARN_ABOUT_RETURN_TYPE = YES_ERROR;
				GCC_WARN_UNDECLARED_SELECTOR = YES;
				GCC_WARN_UNINITIALIZED_AUTOS = YES_AGGRESSIVE;
				GCC_WARN_UNUSED_FUNCTION = YES;
				GCC_WARN_UNUSED_VARIABLE = YES;
				IPHONEOS_DEPLOYMENT_TARGET = 17.0;
				MACOSX_DEPLOYMENT_TARGET = 14.0;
				MTL_ENABLE_DEBUG_INFO = NO;
				MTL_FAST_MATH = YES;
				PRODUCT_NAME = "$(TARGET_NAME)";
				SWIFT_COMPILATION_MODE = wholemodule;
				SWIFT_OPTIMIZATION_LEVEL = "-O";
				SWIFT_VERSION = 5.0;
			};
			name = Release;
		};
		3738CC2238D718CFA28A75E9 /* Release */ = {
			isa = XCBuildConfiguration;
			buildSettings = {
				ASSETCATALOG_COMPILER_APPICON_NAME = AppIcon;
				CODE_SIGN_IDENTITY = "iPhone Developer";
				DEVELOPMENT_TEAM = "";
				ENABLE_PREVIEWS = YES;
				INFOPLIST_FILE = Sources/iOS/Info.plist;
				LD_RUNPATH_SEARCH_PATHS = (
					"$(inherited)",
					"@executable_path/Frameworks",
				);
				PRODUCT_BUNDLE_IDENTIFIER = "com.adamnolle.3DSeen-iOS";
				SDKROOT = iphoneos;
				SWIFT_VERSION = 5.9;
				TARGETED_DEVICE_FAMILY = "1,2";
			};
			name = Release;
		};
		43D5728DACC95044BFD4D1B9 /* Debug */ = {
			isa = XCBuildConfiguration;
			buildSettings = {
				ASSETCATALOG_COMPILER_APPICON_NAME = AppIcon;
				CODE_SIGN_IDENTITY = "iPhone Developer";
				DEVELOPMENT_TEAM = "";
				ENABLE_PREVIEWS = YES;
				INFOPLIST_FILE = Sources/iOS/Info.plist;
				LD_RUNPATH_SEARCH_PATHS = (
					"$(inherited)",
					"@executable_path/Frameworks",
				);
				PRODUCT_BUNDLE_IDENTIFIER = "com.adamnolle.3DSeen-iOS";
				SDKROOT = iphoneos;
				SWIFT_VERSION = 5.9;
				TARGETED_DEVICE_FAMILY = "1,2";
			};
			name = Debug;
		};
		9D35906B7B1FD25BF39773FE /* Debug */ = {
			isa = XCBuildConfiguration;
			buildSettings = {
				ALWAYS_SEARCH_USER_PATHS = NO;
				CLANG_ANALYZER_NONNULL = YES;
				CLANG_ANALYZER_NUMBER_OBJECT_CONVERSION = YES_AGGRESSIVE;
				CLANG_CXX_LANGUAGE_STANDARD = "gnu++14";
				CLANG_CXX_LIBRARY = "libc++";
				CLANG_ENABLE_MODULES = YES;
				CLANG_ENABLE_OBJC_ARC = YES;
				CLANG_ENABLE_OBJC_WEAK = YES;
				CLANG_WARN_BLOCK_CAPTURE_AUTORELEASING = YES;
				CLANG_WARN_BOOL_CONVERSION = YES;
				CLANG_WARN_COMMA = YES;
				CLANG_WARN_CONSTANT_CONVERSION = YES;
				CLANG_WARN_DEPRECATED_OBJC_IMPLEMENTATIONS = YES;
				CLANG_WARN_DIRECT_OBJC_ISA_USAGE = YES_ERROR;
				CLANG_WARN_DOCUMENTATION_COMMENTS = YES;
				CLANG_WARN_EMPTY_BODY = YES;
				CLANG_WARN_ENUM_CONVERSION = YES;
				CLANG_WARN_INFINITE_RECURSION = YES;
				CLANG_WARN_INT_CONVERSION = YES;
				CLANG_WARN_NON_LITERAL_NULL_CONVERSION = YES;
				CLANG_WARN_OBJC_IMPLICIT_RETAIN_SELF = YES;
				CLANG_WARN_OBJC_LITERAL_CONVERSION = YES;
				CLANG_WARN_OBJC_ROOT_CLASS = YES_ERROR;
				CLANG_WARN_QUOTED_INCLUDE_IN_FRAMEWORK_HEADER = YES;
				CLANG_WARN_RANGE_LOOP_ANALYSIS = YES;
				CLANG_WARN_STRICT_PROTOTYPES = YES;
				CLANG_WARN_SUSPICIOUS_MOVE = YES;
				CLANG_WARN_UNGUARDED_AVAILABILITY = YES_AGGRESSIVE;
				CLANG_WARN_UNREACHABLE_CODE = YES;
				CLANG_WARN__DUPLICATE_METHOD_MATCH = YES;
				COPY_PHASE_STRIP = NO;
				DEBUG_INFORMATION_FORMAT = dwarf;
				ENABLE_STRICT_OBJC_MSGSEND = YES;
				ENABLE_TESTABILITY = YES;
				GCC_C_LANGUAGE_STANDARD = gnu11;
				GCC_DYNAMIC_NO_PIC = NO;
				GCC_NO_COMMON_BLOCKS = YES;
				GCC_OPTIMIZATION_LEVEL = 0;
				GCC_PREPROCESSOR_DEFINITIONS = (
					"$(inherited)",
					"DEBUG=1",
				);
				GCC_WARN_64_TO_32_BIT_CONVERSION = YES;
				GCC_WARN_ABOUT_RETURN_TYPE = YES_ERROR;
				GCC_WARN_UNDECLARED_SELECTOR = YES;
				GCC_WARN_UNINITIALIZED_AUTOS = YES_AGGRESSIVE;
				GCC_WARN_UNUSED_FUNCTION = YES;
				GCC_WARN_UNUSED_VARIABLE = YES;
				IPHONEOS_DEPLOYMENT_TARGET = 17.0;
				MACOSX_DEPLOYMENT_TARGET = 14.0;
				MTL_ENABLE_DEBUG_INFO = INCLUDE_SOURCE;
				MTL_FAST_MATH = YES;
				ONLY_ACTIVE_ARCH = YES;
				PRODUCT_NAME = "$(TARGET_NAME)";
				SWIFT_ACTIVE_COMPILATION_CONDITIONS = DEBUG;
				SWIFT_OPTIMIZATION_LEVEL = "-Onone";
				SWIFT_VERSION = 5.0;
			};
			name = Debug;
		};
		A971561F12BAF4DDA039FEAE /* Debug */ = {
			isa = XCBuildConfiguration;
			buildSettings = {
				ASSETCATALOG_COMPILER_APPICON_NAME = AppIcon;
				CODE_SIGN_ENTITLEMENTS = "Sources/macOS/3DSeen-macOS.entitlements";
				COMBINE_HIDPI_IMAGES = YES;
				DEVELOPMENT_TEAM = "";
				ENABLE_PREVIEWS = YES;
				INFOPLIST_FILE = Sources/macOS/Info.plist;
				LD_RUNPATH_SEARCH_PATHS = (
					"$(inherited)",
					"@executable_path/../Frameworks",
				);
				PRODUCT_BUNDLE_IDENTIFIER = "com.adamnolle.3DSeen-macOS";
				SDKROOT = macosx;
				SWIFT_VERSION = 5.9;
			};
			name = Debug;
		};
/* End XCBuildConfiguration section */

/* Begin XCConfigurationList section */
		06F24075E535F990A2B572CD /* Build configuration list for PBXNativeTarget "3DSeen-iOS" */ = {
			isa = XCConfigurationList;
			buildConfigurations = (
				43D5728DACC95044BFD4D1B9 /* Debug */,
				3738CC2238D718CFA28A75E9 /* Release */,
			);
			defaultConfigurationIsVisible = 0;
			defaultConfigurationName = Debug;
		};
		0AA503F6F79F2C91CA7D4383 /* Build configuration list for PBXProject "3DSeen" */ = {
			isa = XCConfigurationList;
			buildConfigurations = (
				9D35906B7B1FD25BF39773FE /* Debug */,
				32886FA0AB81CFA459B12327 /* Release */,
			);
			defaultConfigurationIsVisible = 0;
			defaultConfigurationName = Debug;
		};
		0B7D927FD12DE35EA7ED015F /* Build configuration list for PBXNativeTarget "3DSeen-macOS" */ = {
			isa = XCConfigurationList;
			buildConfigurations = (
				A971561F12BAF4DDA039FEAE /* Debug */,
				28F186F2A2D2DCAABE3E87BA /* Release */,
			);
			defaultConfigurationIsVisible = 0;
			defaultConfigurationName = Debug;
		};
/* End XCConfigurationList section */

/* Begin XCRemoteSwiftPackageReference section */
		8BBD7080256AF76F788CAE29 /* XCRemoteSwiftPackageReference "ZIPFoundation" */ = {
			isa = XCRemoteSwiftPackageReference;
			repositoryURL = "https://github.com/weichsel/ZIPFoundation";
			requirement = {
				kind = upToNextMajorVersion;
				minimumVersion = 0.9.19;
			};
		};
/* End XCRemoteSwiftPackageReference section */

/* Begin XCSwiftPackageProductDependency section */
		8D254D25EC0DCBC2FF287C05 /* ZIPFoundation */ = {
			isa = XCSwiftPackageProductDependency;
			package = 8BBD7080256AF76F788CAE29 /* XCRemoteSwiftPackageReference "ZIPFoundation" */;
			productName = ZIPFoundation;
		};
		B8A7E315EAB4A35CDE7FAF4A /* ZIPFoundation */ = {
			isa = XCSwiftPackageProductDependency;
			package = 8BBD7080256AF76F788CAE29 /* XCRemoteSwiftPackageReference "ZIPFoundation" */;
			productName = ZIPFoundation;
		};
/* End XCSwiftPackageProductDependency section */
	};
	rootObject = 2D4C504670C3FC2DB92EEC6E /* Project object */;
}
