// !$*UTF8*$!
{
	archiveVersion = 1;
	classes = {
	};
	objectVersion = 77;
	objects = {

/* Begin PBXBuildFile section */
		00FEBB52A9159B0DA2DB0BD1 /* ZIPFoundation in Frameworks */ = {isa = PBXBuildFile; productRef = 8D254D25EC0DCBC2FF287C05 /* ZIPFoundation */; };
		0101DB6CF38114299790084E /* ReviewScreen.swift in Sources */ = {isa = PBXBuildFile; fileRef = 14FA47AE7BE7007CA657F167 /* ReviewScreen.swift */; };
		0156D4A3083F0AFD2212E54B /* LibraryScreen.swift in Sources */ = {isa = PBXBuildFile; fileRef = A5404329902D56B5837A2088 /* LibraryScreen.swift */; };
		03B4ADE8AA7091CF9083B02F /* PhotogrammetryRunner.swift in Sources */ = {isa = PBXBuildFile; fileRef = B31CB2BDB4AAA6266CA396D7 /* PhotogrammetryRunner.swift */; };
		03B679D586AF0E119F8E1CA1 /* PhotogrammetryRunner.swift in Sources */ = {isa = PBXBuildFile; fileRef = B31CB2BDB4AAA6266CA396D7 /* PhotogrammetryRunner.swift */; };
		043DE1418392692AAA10B8CC /* AIPBRMaterialEstimator.swift in Sources */ = {isa = PBXBuildFile; fileRef = F2AC060B0BE18A703CEF83F1 /* AIPBRMaterialEstimator.swift */; };
		04C808A00EBAEAF77E28BE75 /* 3DSeenApp.swift in Sources */ = {isa = PBXBuildFile; fileRef = F211D1F95F1137E6ED3888EC /* 3DSeenApp.swift */; };
		0B98DA421C4EC7CFC7DA9F9A /* AutoPilotTests.swift in Sources */ = {isa = PBXBuildFile; fileRef = 281F78B7D402BE66E74A9771 /* AutoPilotTests.swift */; };
		0C17028F1E8678A45B43B9C7 /* HandoffProtocolTests.swift in Sources */ = {isa = PBXBuildFile; fileRef = A7920D74A99B1596A19E73AC /* HandoffProtocolTests.swift */; };
		0C4D428D7C231182E99C6521 /* MacHandoffJobJournal.swift in Sources */ = {isa = PBXBuildFile; fileRef = C4731D2A7790417E6D63A9A5 /* MacHandoffJobJournal.swift */; };
		0EC4ACA3A3EB77203CEFBFB8 /* MacViewerPane.swift in Sources */ = {isa = PBXBuildFile; fileRef = 8525FA57375C0BE2E9B0AA2F /* MacViewerPane.swift */; };
		112217F082CDBA2987000879 /* GaussianSplatGenerator.swift in Sources */ = {isa = PBXBuildFile; fileRef = F1DB7CB6DEFFA0885362563F /* GaussianSplatGenerator.swift */; };
		115B1546366E464ABE2A4F77 /* CaptureCoordinatorView.swift in Sources */ = {isa = PBXBuildFile; fileRef = 408269989B88069C5E20274C /* CaptureCoordinatorView.swift */; };
		137225363E194759F2566F11 /* HandoffPairingCoordinatorTests.swift in Sources */ = {isa = PBXBuildFile; fileRef = 5497D160451FC0508F4E6754 /* HandoffPairingCoordinatorTests.swift */; };
		1434946C9BE38B69039DA59E /* StudioRender.swift in Sources */ = {isa = PBXBuildFile; fileRef = F4B53953E0069367BFBAF55D /* StudioRender.swift */; };
		1A1D8E12023693854EDA9D67 /* ScanSessionMapping.swift in Sources */ = {isa = PBXBuildFile; fileRef = ED2170C8F12A88B7BEE2C7E5 /* ScanSessionMapping.swift */; };
		1B8BAB4E8B4D64F5B877C099 /* ScanLifecycleManager.swift in Sources */ = {isa = PBXBuildFile; fileRef = 37B0CBC2BEF43FF4A30B485D /* ScanLifecycleManager.swift */; };
		1E1F878E6C6326284EEBB948 /* ScanSession.swift in Sources */ = {isa = PBXBuildFile; fileRef = 3DA53940BBA8FCD5C9ED3794 /* ScanSession.swift */; };
		20F1F6A8646BF40AD2EBD899 /* SampleData.swift in Sources */ = {isa = PBXBuildFile; fileRef = 2D06C68200886D7865B4EC27 /* SampleData.swift */; };
		218AC79ED2C3E9E0B6F99A8C /* SettingsScreen.swift in Sources */ = {isa = PBXBuildFile; fileRef = 60DC68A1A91B1590CD93B795 /* SettingsScreen.swift */; };
		224C86140570F33A6352D94A /* PLYValidator.swift in Sources */ = {isa = PBXBuildFile; fileRef = A8296EF932D5513800A12FEB /* PLYValidator.swift */; };
		2294A576C20FF5C9AA9B8488 /* StudioComponents.swift in Sources */ = {isa = PBXBuildFile; fileRef = 2D535C6B22419107CA1BE97C /* StudioComponents.swift */; };
		23E3AD837941CD24AB72069B /* Assets.xcassets in Resources */ = {isa = PBXBuildFile; fileRef = 3FD1D9DF0008E6C70E565D89 /* Assets.xcassets */; };
		28E252D6230C9F3F27FD4451 /* ViewerScreen.swift in Sources */ = {isa = PBXBuildFile; fileRef = 6AD323776CD4D94C47792345 /* ViewerScreen.swift */; };
		2E00DF49ACB24E7730FD7A71 /* WizardFlowUITests.swift in Sources */ = {isa = PBXBuildFile; fileRef = 0E7DB58CB14F3185D5564E53 /* WizardFlowUITests.swift */; };
		2F2DCE8C2176A44226EB08EE /* ComputeScreen.swift in Sources */ = {isa = PBXBuildFile; fileRef = F8ABEFAF4C800310DE2199BD /* ComputeScreen.swift */; };
		32E1BAE7B79519B13D39AFBD /* Primitives.swift in Sources */ = {isa = PBXBuildFile; fileRef = 191E7FBB3A8060C3A0D4F62D /* Primitives.swift */; };
		383F4B63670447CFCD1B1E6C /* MaterialOverrideLibrary.swift in Sources */ = {isa = PBXBuildFile; fileRef = A62228C3C6D40D57E5609FAF /* MaterialOverrideLibrary.swift */; };
		395F0F279197F6BDE8505E66 /* LiveCaptureStatus.swift in Sources */ = {isa = PBXBuildFile; fileRef = 81D8872B17C1E43C16BF0E89 /* LiveCaptureStatus.swift */; };
		3AEE80DA890B13896C22D33B /* ProcessingStateMachine.swift in Sources */ = {isa = PBXBuildFile; fileRef = 69735CC14F7457670ECBD7C6 /* ProcessingStateMachine.swift */; };
		3B1475DB7A4A31A8A491AC70 /* LiveCaptureHUD.swift in Sources */ = {isa = PBXBuildFile; fileRef = F85DDBDD6E873DC5AAF7C124 /* LiveCaptureHUD.swift */; };
		3F8832F31EF44497117BAE69 /* ZIPFoundation in Frameworks */ = {isa = PBXBuildFile; productRef = B8A7E315EAB4A35CDE7FAF4A /* ZIPFoundation */; };
		4467A3C868558569446D39A1 /* CaptureScreen.swift in Sources */ = {isa = PBXBuildFile; fileRef = E07651B3FCF956B10B87C371 /* CaptureScreen.swift */; };
		497EAD07AE55DB09ABE70E8D /* LocalQueueManager.swift in Sources */ = {isa = PBXBuildFile; fileRef = 4D346EB2BD18E2A661B3BF1F /* LocalQueueManager.swift */; };
		4996E9BB3BA317180388D3D0 /* AutoPilotVisionManager.swift in Sources */ = {isa = PBXBuildFile; fileRef = 9A2A28C46F8496F999E0A552 /* AutoPilotVisionManager.swift */; };
		4CDD4ACDBAC038E47AB73678 /* QualityScreen.swift in Sources */ = {isa = PBXBuildFile; fileRef = 8778A7A62DAFBA745CDB4F67 /* QualityScreen.swift */; };
		527B29996E4D0FBE5FB7D70C /* MacComputePane.swift in Sources */ = {isa = PBXBuildFile; fileRef = 25E78ECC6BE0728FB2D514A2 /* MacComputePane.swift */; };
		534EB7A2FF070AE6780F4B84 /* ExportScreen.swift in Sources */ = {isa = PBXBuildFile; fileRef = F5CD56748A9DBC6EEF36004D /* ExportScreen.swift */; };
		53D0DC87A4A72C6519D5043A /* SettingsStore.swift in Sources */ = {isa = PBXBuildFile; fileRef = E146E7937333AE7D7FFFDA36 /* SettingsStore.swift */; };
		54F951A7365D5497B56A9EB9 /* PLYIO in Frameworks */ = {isa = PBXBuildFile; productRef = 7CFC7D9BFBE2A121EFD3E15F /* PLYIO */; };
		55143D9E4B912C225EB8EA4A /* AutoPilotVisionManager.swift in Sources */ = {isa = PBXBuildFile; fileRef = 9A2A28C46F8496F999E0A552 /* AutoPilotVisionManager.swift */; };
		5844F8C23A2E3B4237B58374 /* NerfstudioSplatTrainer.swift in Sources */ = {isa = PBXBuildFile; fileRef = 5A9AC885A17E5D03B3EB54B5 /* NerfstudioSplatTrainer.swift */; };
		59CC507288BCD9845C86EF8F /* NetworkHandoffManager.swift in Sources */ = {isa = PBXBuildFile; fileRef = DF6140FFD36ADB270491891B /* NetworkHandoffManager.swift */; };
		5F2822505ADF4377F0FCD1D6 /* MetalSplatter in Frameworks */ = {isa = PBXBuildFile; productRef = 7E26BBE8E8DA99F248F75E73 /* MetalSplatter */; };
		600EB8544C23613C14495901 /* PLYValidator.swift in Sources */ = {isa = PBXBuildFile; fileRef = A8296EF932D5513800A12FEB /* PLYValidator.swift */; };
		610A788645A2098F1428BB87 /* StudioRouter.swift in Sources */ = {isa = PBXBuildFile; fileRef = FDAB72BEA60D5A70D3B7AC67 /* StudioRouter.swift */; };
		68A17BE6A3B28525BC8E0DEC /* ScanLifecycleManager.swift in Sources */ = {isa = PBXBuildFile; fileRef = 37B0CBC2BEF43FF4A30B485D /* ScanLifecycleManager.swift */; };
		6AAFE9E26B2C68818F4D7B4B /* SampleData.swift in Sources */ = {isa = PBXBuildFile; fileRef = 2D06C68200886D7865B4EC27 /* SampleData.swift */; };
		6C9BC460341656D7D9989649 /* MacLibraryPane.swift in Sources */ = {isa = PBXBuildFile; fileRef = 0BEDEB7EFB54C45767689D41 /* MacLibraryPane.swift */; };
		6E21E4326F2462B0AAD4307B /* PrivacyInfo.xcprivacy in Resources */ = {isa = PBXBuildFile; fileRef = 10DEAF503F471822B4E715BC /* PrivacyInfo.xcprivacy */; };
		6EA21C0797D0DFAFB81FB8D8 /* ScanLifecycleManagerTests.swift in Sources */ = {isa = PBXBuildFile; fileRef = B290292242D89550970068F4 /* ScanLifecycleManagerTests.swift */; };
		6FF8B02A2FB10DE4C91F0A19 /* StudioComponents.swift in Sources */ = {isa = PBXBuildFile; fileRef = 2D535C6B22419107CA1BE97C /* StudioComponents.swift */; };
		7035A8234FDEF1B545EBCE57 /* PrivacyInfo.xcprivacy in Resources */ = {isa = PBXBuildFile; fileRef = 10DEAF503F471822B4E715BC /* PrivacyInfo.xcprivacy */; };
		70DA98E80BA39694368960E9 /* ModelGeometryInspector.swift in Sources */ = {isa = PBXBuildFile; fileRef = 94267FF59D408E2A692E43BB /* ModelGeometryInspector.swift */; };
		73EBDAC4C609843473DF511A /* NerfstudioRuntimeInstallerTests.swift in Sources */ = {isa = PBXBuildFile; fileRef = 4744A87B322A5AC2A6E1CAD5 /* NerfstudioRuntimeInstallerTests.swift */; };
		76C81BB56F8C1C83D35B9EA3 /* SplatIO in Frameworks */ = {isa = PBXBuildFile; productRef = 2B8FF1E5E37CC08F81E66CF6 /* SplatIO */; };
		771520BE586627B4103B57DF /* Assets.xcassets in Resources */ = {isa = PBXBuildFile; fileRef = 8C95CA27A7E1E731D0B34517 /* Assets.xcassets */; };
		7755BF522C59EB3393F6E31E /* Theme.swift in Sources */ = {isa = PBXBuildFile; fileRef = 855FF907514F5220109067B2 /* Theme.swift */; };
		777FCF8F2A3B4628558342BC /* HandoffProtocol.swift in Sources */ = {isa = PBXBuildFile; fileRef = 60DF3F918AC67A5FC851F598 /* HandoffProtocol.swift */; };
		78F70CE5F278A7A9F5DC1775 /* LiquidGlass.swift in Sources */ = {isa = PBXBuildFile; fileRef = 8D5C85EEC167D880894CBAD1 /* LiquidGlass.swift */; };
		79B340355294E09310B6B3F4 /* GaussianSplatGenerator.swift in Sources */ = {isa = PBXBuildFile; fileRef = F1DB7CB6DEFFA0885362563F /* GaussianSplatGenerator.swift */; };
		7B5F4899EDD7F2DD18D1774A /* ModelExporter.swift in Sources */ = {isa = PBXBuildFile; fileRef = E047A386A69A590077D0400E /* ModelExporter.swift */; };
		7CB2C697E9AC794ED97338B7 /* HandoffTrust.swift in Sources */ = {isa = PBXBuildFile; fileRef = 0ABA6E8C22956A44B83CEA87 /* HandoffTrust.swift */; };
		7E11C5520F3814ACCD8B2C35 /* NerfstudioRuntimeInstaller.swift in Sources */ = {isa = PBXBuildFile; fileRef = 84DE17EB79919A1B79091980 /* NerfstudioRuntimeInstaller.swift */; };
		7E6668AD45271417CECA7246 /* StudioComponentsTests.swift in Sources */ = {isa = PBXBuildFile; fileRef = 9C9BF597BE4D5F2AB0C0AF04 /* StudioComponentsTests.swift */; };
		80DD2A4163661AFA8669976B /* SplatIO in Frameworks */ = {isa = PBXBuildFile; productRef = A28226202A9FD918A4BFDEF6 /* SplatIO */; };
		82DD65DADBAEF8C5F5C49CC2 /* HandoffTransport.swift in Sources */ = {isa = PBXBuildFile; fileRef = 0E9069508A6BB2A6AF3157E7 /* HandoffTransport.swift */; };
		8509104342481E9EFAD8E3BD /* HandoffTrustTests.swift in Sources */ = {isa = PBXBuildFile; fileRef = 197D3A95570EDF2EBDC4AE03 /* HandoffTrustTests.swift */; };
		89017EE14CAC361BE71CB61E /* GaussianSplat.swift in Sources */ = {isa = PBXBuildFile; fileRef = E5390766A930F48BB649338F /* GaussianSplat.swift */; };
		8A52477CCC65BB076A63E066 /* AIPBRMaterialEstimator.swift in Sources */ = {isa = PBXBuildFile; fileRef = F2AC060B0BE18A703CEF83F1 /* AIPBRMaterialEstimator.swift */; };
		8C3C74A66415284C06DED6EF /* MacExportPane.swift in Sources */ = {isa = PBXBuildFile; fileRef = 4EA5E31F28CC4DB785424809 /* MacExportPane.swift */; };
		8C8EA5802776FE10A414F471 /* LiveCaptureStatus.swift in Sources */ = {isa = PBXBuildFile; fileRef = 81D8872B17C1E43C16BF0E89 /* LiveCaptureStatus.swift */; };
		8E700DABEC216E751BB48DA2 /* NetworkHandoffManager.swift in Sources */ = {isa = PBXBuildFile; fileRef = DF6140FFD36ADB270491891B /* NetworkHandoffManager.swift */; };
		8FD1DFD6480E1451FA3A84AF /* ProcessingStateMachine.swift in Sources */ = {isa = PBXBuildFile; fileRef = 69735CC14F7457670ECBD7C6 /* ProcessingStateMachine.swift */; };
		960E76F119F182BF6D68E553 /* BlenderModelConverter.swift in Sources */ = {isa = PBXBuildFile; fileRef = CB80CB2523BFE5E9C74BBFBB /* BlenderModelConverter.swift */; };
		963C111EC42D504BC96AB7DE /* BriefingScreen.swift in Sources */ = {isa = PBXBuildFile; fileRef = 7BEF257A4B59A9E6793F948E /* BriefingScreen.swift */; };
		96C455519E0804F71F460900 /* StudioRender.swift in Sources */ = {isa = PBXBuildFile; fileRef = F4B53953E0069367BFBAF55D /* StudioRender.swift */; };
		99193E0272843C4E65F36BCE /* StateMachineTests.swift in Sources */ = {isa = PBXBuildFile; fileRef = FC5D2EB4650ACC4A0FB016D7 /* StateMachineTests.swift */; };
		9E55AEFAD19B5B699CDB4281 /* ModePickerScreen.swift in Sources */ = {isa = PBXBuildFile; fileRef = 7285F79EED4C6F44B29292AB /* ModePickerScreen.swift */; };
		9F16E711497D970F8334CDE4 /* ScanSessionMapping.swift in Sources */ = {isa = PBXBuildFile; fileRef = ED2170C8F12A88B7BEE2C7E5 /* ScanSessionMapping.swift */; };
		9F2FB300A619F0A2E8236793 /* HandoffTrust.swift in Sources */ = {isa = PBXBuildFile; fileRef = 0ABA6E8C22956A44B83CEA87 /* HandoffTrust.swift */; };
		9FB6E2DF17A8E287F328DEC7 /* MacSettingsPane.swift in Sources */ = {isa = PBXBuildFile; fileRef = D2EFDC324502E8EE8CDCE1FD /* MacSettingsPane.swift */; };
		A04ED326F276D501FEEE32FC /* ComputeStageTests.swift in Sources */ = {isa = PBXBuildFile; fileRef = 24838148F514681A534BA513 /* ComputeStageTests.swift */; };
		A31D2D59339DF68E73EBDCEE /* 3DSeenApp.swift in Sources */ = {isa = PBXBuildFile; fileRef = D15C2670C33C1808B927D57A /* 3DSeenApp.swift */; };
		A3FB31142EA340023CEFDDFC /* SettingsStoreTests.swift in Sources */ = {isa = PBXBuildFile; fileRef = C081084541E03AFFA18E2B22 /* SettingsStoreTests.swift */; };
		AA464BDF86FCE76EDD5F882E /* PBRMaterialTests.swift in Sources */ = {isa = PBXBuildFile; fileRef = 1867E16CD3C9B0B46E98823F /* PBRMaterialTests.swift */; };
		AAF5D0F35FCEB5BB7F1AE0A8 /* MaterialOverrideLibrary.swift in Sources */ = {isa = PBXBuildFile; fileRef = A62228C3C6D40D57E5609FAF /* MaterialOverrideLibrary.swift */; };
		ACB180BF6FB8355B721C6C8A /* CaptureQualityAnalyzer.swift in Sources */ = {isa = PBXBuildFile; fileRef = E98F370212A0EB3C878F8F5D /* CaptureQualityAnalyzer.swift */; };
		AE8F535CD9B1D83E75355533 /* ContentView.swift in Sources */ = {isa = PBXBuildFile; fileRef = CFCC585299A17E4BD48468C3 /* ContentView.swift */; };
		AF5998B414E507B278960DEA /* ComputeCoordinator.swift in Sources */ = {isa = PBXBuildFile; fileRef = 6D83DD0DC72326B02DADE40A /* ComputeCoordinator.swift */; };
		B3D3A2377AD8011EF0B4475E /* Haptics.swift in Sources */ = {isa = PBXBuildFile; fileRef = 5FF65174650149D9D9FAAADD /* Haptics.swift */; };
		B6C39E0C36A28846E3B5A9BD /* SettingsStore.swift in Sources */ = {isa = PBXBuildFile; fileRef = E146E7937333AE7D7FFFDA36 /* SettingsStore.swift */; };
		B774D582846E74BF958BFB78 /* CaptureQualityAnalyzer.swift in Sources */ = {isa = PBXBuildFile; fileRef = E98F370212A0EB3C878F8F5D /* CaptureQualityAnalyzer.swift */; };
		B796705BCBA29BDB14A9363D /* LandscapeCaptureEngine.swift in Sources */ = {isa = PBXBuildFile; fileRef = D699E59014BAC0A8CD7BF80F /* LandscapeCaptureEngine.swift */; };
		B801D9F976BB29CD59A42B23 /* ModelGeometryInspector.swift in Sources */ = {isa = PBXBuildFile; fileRef = 94267FF59D408E2A692E43BB /* ModelGeometryInspector.swift */; };
		B9F6034ED39489AE835575C6 /* Primitives.swift in Sources */ = {isa = PBXBuildFile; fileRef = 191E7FBB3A8060C3A0D4F62D /* Primitives.swift */; };
		C23D2E164A9213EFFB51719F /* HandoffPairingCoordinator.swift in Sources */ = {isa = PBXBuildFile; fileRef = 96BE68CCC1669D6127D359C5 /* HandoffPairingCoordinator.swift */; };
		C2F79A0603A7DE28E966095A /* StudioChrome.swift in Sources */ = {isa = PBXBuildFile; fileRef = BBC667D7ECC9E10091C643D0 /* StudioChrome.swift */; };
		C378704DEF112B1161D98AC7 /* ScanSession.swift in Sources */ = {isa = PBXBuildFile; fileRef = 3DA53940BBA8FCD5C9ED3794 /* ScanSession.swift */; };
		C7EE7BF07BBF072BCF3950FD /* HandoffTransport.swift in Sources */ = {isa = PBXBuildFile; fileRef = 0E9069508A6BB2A6AF3157E7 /* HandoffTransport.swift */; };
		C9AD59FF6F58547E4021D6B9 /* ObjectCaptureEngine.swift in Sources */ = {isa = PBXBuildFile; fileRef = C0DE453E975B978103D45FAD /* ObjectCaptureEngine.swift */; };
		D0CBA0375333C13FC38AFBFF /* ComputeOption.swift in Sources */ = {isa = PBXBuildFile; fileRef = 70A9B012C4A9D6C001FE697B /* ComputeOption.swift */; };
		D352A51421B97389F39FD80A /* HandoffProtocol.swift in Sources */ = {isa = PBXBuildFile; fileRef = 60DF3F918AC67A5FC851F598 /* HandoffProtocol.swift */; };
		D4E47FBFB8E7D4BBDF6CC384 /* SplatRoundTripTests.swift in Sources */ = {isa = PBXBuildFile; fileRef = 40C30F34558AA0A12627CAB5 /* SplatRoundTripTests.swift */; };
		E1D81375B20049AEEEC86FF2 /* ComputeDetailCapabilityTests.swift in Sources */ = {isa = PBXBuildFile; fileRef = 64953E3F4E46190D0E5C36FE /* ComputeDetailCapabilityTests.swift */; };
		E5D1820F52E8DC53581193E6 /* CaptureTelemetryTests.swift in Sources */ = {isa = PBXBuildFile; fileRef = E2D63C1AF9F8FD5E2C6AFC43 /* CaptureTelemetryTests.swift */; };
		EABE927EC6A92DE33514BC0E /* RoomCaptureEngine.swift in Sources */ = {isa = PBXBuildFile; fileRef = 9DAD8A7ADE795A2D03C0A5C7 /* RoomCaptureEngine.swift */; };
		EAD320028C8170FC7A2B9907 /* HandoffPairingCoordinator.swift in Sources */ = {isa = PBXBuildFile; fileRef = 96BE68CCC1669D6127D359C5 /* HandoffPairingCoordinator.swift */; };
		EB2C0D73EEDCA21A965BA071 /* LocalQueueManager.swift in Sources */ = {isa = PBXBuildFile; fileRef = 4D346EB2BD18E2A661B3BF1F /* LocalQueueManager.swift */; };
		EE22AADD355AE96D66605E0F /* HandoffCoordinator.swift in Sources */ = {isa = PBXBuildFile; fileRef = 9756B2993AD4E297961CB3B2 /* HandoffCoordinator.swift */; };
		F6230FCC1FFE9C5BF31111DB /* SplatGeneratorTests.swift in Sources */ = {isa = PBXBuildFile; fileRef = F7F1EBB08D5A1806B90E8DB7 /* SplatGeneratorTests.swift */; };
		F7676F45F78678BDB30183AD /* ThemeAndRenderTests.swift in Sources */ = {isa = PBXBuildFile; fileRef = 68EF972E44A504A2F5E88083 /* ThemeAndRenderTests.swift */; };
		FBAC5E9911D678E6EAF604D1 /* ModelExporterTests.swift in Sources */ = {isa = PBXBuildFile; fileRef = 6DBB988AF570CA6FA57C4DC8 /* ModelExporterTests.swift */; };
		FD43883779E29AB156CF5093 /* ModelExporter.swift in Sources */ = {isa = PBXBuildFile; fileRef = E047A386A69A590077D0400E /* ModelExporter.swift */; };
		FD79DA653B95A876C02427EB /* LiquidGlass.swift in Sources */ = {isa = PBXBuildFile; fileRef = 8D5C85EEC167D880894CBAD1 /* LiquidGlass.swift */; };
		FE3524954C6E05BF7C0355AE /* BlenderModelConverterTests.swift in Sources */ = {isa = PBXBuildFile; fileRef = 028ACBD730FE459DD24F6B08 /* BlenderModelConverterTests.swift */; };
		FE77DCAB57B4A839EE000B0B /* Theme.swift in Sources */ = {isa = PBXBuildFile; fileRef = 855FF907514F5220109067B2 /* Theme.swift */; };
/* End PBXBuildFile section */

/* Begin PBXContainerItemProxy section */
		1A5C4F300DD0E5BCD75CBA79 /* PBXContainerItemProxy */ = {
			isa = PBXContainerItemProxy;
			containerPortal = 2D4C504670C3FC2DB92EEC6E /* Project object */;
			proxyType = 1;
			remoteGlobalIDString = C8B195E2C4D9380B04FC7074;
			remoteInfo = "3DSeen-macOS";
		};
		7172E8DD48458E79143707E0 /* PBXContainerItemProxy */ = {
			isa = PBXContainerItemProxy;
			containerPortal = 2D4C504670C3FC2DB92EEC6E /* Project object */;
			proxyType = 1;
			remoteGlobalIDString = A4887E1AD8B7BA1740FD76AD;
			remoteInfo = "3DSeen-iOS";
		};
		E37803EA46531BA05922FF95 /* PBXContainerItemProxy */ = {
			isa = PBXContainerItemProxy;
			containerPortal = 2D4C504670C3FC2DB92EEC6E /* Project object */;
			proxyType = 1;
			remoteGlobalIDString = A4887E1AD8B7BA1740FD76AD;
			remoteInfo = "3DSeen-iOS";
		};
/* End PBXContainerItemProxy section */

/* Begin PBXFileReference section */
		028ACBD730FE459DD24F6B08 /* BlenderModelConverterTests.swift */ = {isa = PBXFileReference; lastKnownFileType = sourcecode.swift; path = BlenderModelConverterTests.swift; sourceTree = "<group>"; };
		0ABA6E8C22956A44B83CEA87 /* HandoffTrust.swift */ = {isa = PBXFileReference; lastKnownFileType = sourcecode.swift; path = HandoffTrust.swift; sourceTree = "<group>"; };
		0BEDEB7EFB54C45767689D41 /* MacLibraryPane.swift */ = {isa = PBXFileReference; lastKnownFileType = sourcecode.swift; path = MacLibraryPane.swift; sourceTree = "<group>"; };
		0E7DB58CB14F3185D5564E53 /* WizardFlowUITests.swift */ = {isa = PBXFileReference; lastKnownFileType = sourcecode.swift; path = WizardFlowUITests.swift; sourceTree = "<group>"; };
		0E9069508A6BB2A6AF3157E7 /* HandoffTransport.swift */ = {isa = PBXFileReference; lastKnownFileType = sourcecode.swift; path = HandoffTransport.swift; sourceTree = "<group>"; };
		10DEAF503F471822B4E715BC /* PrivacyInfo.xcprivacy */ = {isa = PBXFileReference; path = PrivacyInfo.xcprivacy; sourceTree = "<group>"; };
		14FA47AE7BE7007CA657F167 /* ReviewScreen.swift */ = {isa = PBXFileReference; lastKnownFileType = sourcecode.swift; path = ReviewScreen.swift; sourceTree = "<group>"; };
		17A99EDAB0502DBA8088D72E /* 3DSeen-iOS.app */ = {isa = PBXFileReference; includeInIndex = 0; lastKnownFileType = wrapper.application; path = "3DSeen-iOS.app"; sourceTree = BUILT_PRODUCTS_DIR; };
		1867E16CD3C9B0B46E98823F /* PBRMaterialTests.swift */ = {isa = PBXFileReference; lastKnownFileType = sourcecode.swift; path = PBRMaterialTests.swift; sourceTree = "<group>"; };
		191E7FBB3A8060C3A0D4F62D /* Primitives.swift */ = {isa = PBXFileReference; lastKnownFileType = sourcecode.swift; path = Primitives.swift; sourceTree = "<group>"; };
		197D3A95570EDF2EBDC4AE03 /* HandoffTrustTests.swift */ = {isa = PBXFileReference; lastKnownFileType = sourcecode.swift; path = HandoffTrustTests.swift; sourceTree = "<group>"; };
		20AF247B7CE0D9B6DF319A58 /* Info.plist */ = {isa = PBXFileReference; lastKnownFileType = text.plist; path = Info.plist; sourceTree = "<group>"; };
		2247D2A1179515E2A33AC847 /* Info.plist */ = {isa = PBXFileReference; lastKnownFileType = text.plist; path = Info.plist; sourceTree = "<group>"; };
		24838148F514681A534BA513 /* ComputeStageTests.swift */ = {isa = PBXFileReference; lastKnownFileType = sourcecode.swift; path = ComputeStageTests.swift; sourceTree = "<group>"; };
		25E78ECC6BE0728FB2D514A2 /* MacComputePane.swift */ = {isa = PBXFileReference; lastKnownFileType = sourcecode.swift; path = MacComputePane.swift; sourceTree = "<group>"; };
		281F78B7D402BE66E74A9771 /* AutoPilotTests.swift */ = {isa = PBXFileReference; lastKnownFileType = sourcecode.swift; path = AutoPilotTests.swift; sourceTree = "<group>"; };
		2D06C68200886D7865B4EC27 /* SampleData.swift */ = {isa = PBXFileReference; lastKnownFileType = sourcecode.swift; path = SampleData.swift; sourceTree = "<group>"; };
		2D535C6B22419107CA1BE97C /* StudioComponents.swift */ = {isa = PBXFileReference; lastKnownFileType = sourcecode.swift; path = StudioComponents.swift; sourceTree = "<group>"; };
		2ED5C71A1B4B5EFDF6665381 /* 3DSeen-macOS.app */ = {isa = PBXFileReference; explicitFileType = wrapper.application; includeInIndex = 0; path = "3DSeen-macOS.app"; sourceTree = BUILT_PRODUCTS_DIR; };
		37B0CBC2BEF43FF4A30B485D /* ScanLifecycleManager.swift */ = {isa = PBXFileReference; lastKnownFileType = sourcecode.swift; path = ScanLifecycleManager.swift; sourceTree = "<group>"; };
		3DA53940BBA8FCD5C9ED3794 /* ScanSession.swift */ = {isa = PBXFileReference; lastKnownFileType = sourcecode.swift; path = ScanSession.swift; sourceTree = "<group>"; };
		3FD1D9DF0008E6C70E565D89 /* Assets.xcassets */ = {isa = PBXFileReference; lastKnownFileType = folder.assetcatalog; path = Assets.xcassets; sourceTree = "<group>"; };
		408269989B88069C5E20274C /* CaptureCoordinatorView.swift */ = {isa = PBXFileReference; lastKnownFileType = sourcecode.swift; path = CaptureCoordinatorView.swift; sourceTree = "<group>"; };
		40C30F34558AA0A12627CAB5 /* SplatRoundTripTests.swift */ = {isa = PBXFileReference; lastKnownFileType = sourcecode.swift; path = SplatRoundTripTests.swift; sourceTree = "<group>"; };
		4744A87B322A5AC2A6E1CAD5 /* NerfstudioRuntimeInstallerTests.swift */ = {isa = PBXFileReference; lastKnownFileType = sourcecode.swift; path = NerfstudioRuntimeInstallerTests.swift; sourceTree = "<group>"; };
		4D346EB2BD18E2A661B3BF1F /* LocalQueueManager.swift */ = {isa = PBXFileReference; lastKnownFileType = sourcecode.swift; path = LocalQueueManager.swift; sourceTree = "<group>"; };
		4EA5E31F28CC4DB785424809 /* MacExportPane.swift */ = {isa = PBXFileReference; lastKnownFileType = sourcecode.swift; path = MacExportPane.swift; sourceTree = "<group>"; };
		5497D160451FC0508F4E6754 /* HandoffPairingCoordinatorTests.swift */ = {isa = PBXFileReference; lastKnownFileType = sourcecode.swift; path = HandoffPairingCoordinatorTests.swift; sourceTree = "<group>"; };
		5A9AC885A17E5D03B3EB54B5 /* NerfstudioSplatTrainer.swift */ = {isa = PBXFileReference; lastKnownFileType = sourcecode.swift; path = NerfstudioSplatTrainer.swift; sourceTree = "<group>"; };
		5FF65174650149D9D9FAAADD /* Haptics.swift */ = {isa = PBXFileReference; lastKnownFileType = sourcecode.swift; path = Haptics.swift; sourceTree = "<group>"; };
		60DC68A1A91B1590CD93B795 /* SettingsScreen.swift */ = {isa = PBXFileReference; lastKnownFileType = sourcecode.swift; path = SettingsScreen.swift; sourceTree = "<group>"; };
		60DF3F918AC67A5FC851F598 /* HandoffProtocol.swift */ = {isa = PBXFileReference; lastKnownFileType = sourcecode.swift; path = HandoffProtocol.swift; sourceTree = "<group>"; };
		64953E3F4E46190D0E5C36FE /* ComputeDetailCapabilityTests.swift */ = {isa = PBXFileReference; lastKnownFileType = sourcecode.swift; path = ComputeDetailCapabilityTests.swift; sourceTree = "<group>"; };
		68EF972E44A504A2F5E88083 /* ThemeAndRenderTests.swift */ = {isa = PBXFileReference; lastKnownFileType = sourcecode.swift; path = ThemeAndRenderTests.swift; sourceTree = "<group>"; };
		69735CC14F7457670ECBD7C6 /* ProcessingStateMachine.swift */ = {isa = PBXFileReference; lastKnownFileType = sourcecode.swift; path = ProcessingStateMachine.swift; sourceTree = "<group>"; };
		6AD323776CD4D94C47792345 /* ViewerScreen.swift */ = {isa = PBXFileReference; lastKnownFileType = sourcecode.swift; path = ViewerScreen.swift; sourceTree = "<group>"; };
		6D83DD0DC72326B02DADE40A /* ComputeCoordinator.swift */ = {isa = PBXFileReference; lastKnownFileType = sourcecode.swift; path = ComputeCoordinator.swift; sourceTree = "<group>"; };
		6DBB988AF570CA6FA57C4DC8 /* ModelExporterTests.swift */ = {isa = PBXFileReference; lastKnownFileType = sourcecode.swift; path = ModelExporterTests.swift; sourceTree = "<group>"; };
		70A9B012C4A9D6C001FE697B /* ComputeOption.swift */ = {isa = PBXFileReference; lastKnownFileType = sourcecode.swift; path = ComputeOption.swift; sourceTree = "<group>"; };
		7285F79EED4C6F44B29292AB /* ModePickerScreen.swift */ = {isa = PBXFileReference; lastKnownFileType = sourcecode.swift; path = ModePickerScreen.swift; sourceTree = "<group>"; };
		7BEF257A4B59A9E6793F948E /* BriefingScreen.swift */ = {isa = PBXFileReference; lastKnownFileType = sourcecode.swift; path = BriefingScreen.swift; sourceTree = "<group>"; };
		81D8872B17C1E43C16BF0E89 /* LiveCaptureStatus.swift */ = {isa = PBXFileReference; lastKnownFileType = sourcecode.swift; path = LiveCaptureStatus.swift; sourceTree = "<group>"; };
		84DE17EB79919A1B79091980 /* NerfstudioRuntimeInstaller.swift */ = {isa = PBXFileReference; lastKnownFileType = sourcecode.swift; path = NerfstudioRuntimeInstaller.swift; sourceTree = "<group>"; };
		8525FA57375C0BE2E9B0AA2F /* MacViewerPane.swift */ = {isa = PBXFileReference; lastKnownFileType = sourcecode.swift; path = MacViewerPane.swift; sourceTree = "<group>"; };
		855FF907514F5220109067B2 /* Theme.swift */ = {isa = PBXFileReference; lastKnownFileType = sourcecode.swift; path = Theme.swift; sourceTree = "<group>"; };
		8778A7A62DAFBA745CDB4F67 /* QualityScreen.swift */ = {isa = PBXFileReference; lastKnownFileType = sourcecode.swift; path = QualityScreen.swift; sourceTree = "<group>"; };
		8A6A45AA9079BBCBE58A77A3 /* 3DSeen-iOSTests.xctest */ = {isa = PBXFileReference; includeInIndex = 0; lastKnownFileType = wrapper.cfbundle; path = "3DSeen-iOSTests.xctest"; sourceTree = BUILT_PRODUCTS_DIR; };
		8C95CA27A7E1E731D0B34517 /* Assets.xcassets */ = {isa = PBXFileReference; lastKnownFileType = folder.assetcatalog; path = Assets.xcassets; sourceTree = "<group>"; };
		8D5C85EEC167D880894CBAD1 /* LiquidGlass.swift */ = {isa = PBXFileReference; lastKnownFileType = sourcecode.swift; path = LiquidGlass.swift; sourceTree = "<group>"; };
		94267FF59D408E2A692E43BB /* ModelGeometryInspector.swift */ = {isa = PBXFileReference; lastKnownFileType = sourcecode.swift; path = ModelGeometryInspector.swift; sourceTree = "<group>"; };
		96BE68CCC1669D6127D359C5 /* HandoffPairingCoordinator.swift */ = {isa = PBXFileReference; lastKnownFileType = sourcecode.swift; path = HandoffPairingCoordinator.swift; sourceTree = "<group>"; };
		9756B2993AD4E297961CB3B2 /* HandoffCoordinator.swift */ = {isa = PBXFileReference; lastKnownFileType = sourcecode.swift; path = HandoffCoordinator.swift; sourceTree = "<group>"; };
		9A2A28C46F8496F999E0A552 /* AutoPilotVisionManager.swift */ = {isa = PBXFileReference; lastKnownFileType = sourcecode.swift; path = AutoPilotVisionManager.swift; sourceTree = "<group>"; };
		9C9BF597BE4D5F2AB0C0AF04 /* StudioComponentsTests.swift */ = {isa = PBXFileReference; lastKnownFileType = sourcecode.swift; path = StudioComponentsTests.swift; sourceTree = "<group>"; };
		9DAD8A7ADE795A2D03C0A5C7 /* RoomCaptureEngine.swift */ = {isa = PBXFileReference; lastKnownFileType = sourcecode.swift; path = RoomCaptureEngine.swift; sourceTree = "<group>"; };
		A5404329902D56B5837A2088 /* LibraryScreen.swift */ = {isa = PBXFileReference; lastKnownFileType = sourcecode.swift; path = LibraryScreen.swift; sourceTree = "<group>"; };
		A62228C3C6D40D57E5609FAF /* MaterialOverrideLibrary.swift */ = {isa = PBXFileReference; lastKnownFileType = sourcecode.swift; path = MaterialOverrideLibrary.swift; sourceTree = "<group>"; };
		A7920D74A99B1596A19E73AC /* HandoffProtocolTests.swift */ = {isa = PBXFileReference; lastKnownFileType = sourcecode.swift; path = HandoffProtocolTests.swift; sourceTree = "<group>"; };
		A8296EF932D5513800A12FEB /* PLYValidator.swift */ = {isa = PBXFileReference; lastKnownFileType = sourcecode.swift; path = PLYValidator.swift; sourceTree = "<group>"; };
		B10EE64B5BAD71B2E728E7B9 /* 3DSeen-iOSUITests.xctest */ = {isa = PBXFileReference; includeInIndex = 0; lastKnownFileType = wrapper.cfbundle; path = "3DSeen-iOSUITests.xctest"; sourceTree = BUILT_PRODUCTS_DIR; };
		B290292242D89550970068F4 /* ScanLifecycleManagerTests.swift */ = {isa = PBXFileReference; lastKnownFileType = sourcecode.swift; path = ScanLifecycleManagerTests.swift; sourceTree = "<group>"; };
		B31CB2BDB4AAA6266CA396D7 /* PhotogrammetryRunner.swift */ = {isa = PBXFileReference; lastKnownFileType = sourcecode.swift; path = PhotogrammetryRunner.swift; sourceTree = "<group>"; };
		BBC667D7ECC9E10091C643D0 /* StudioChrome.swift */ = {isa = PBXFileReference; lastKnownFileType = sourcecode.swift; path = StudioChrome.swift; sourceTree = "<group>"; };
		C081084541E03AFFA18E2B22 /* SettingsStoreTests.swift */ = {isa = PBXFileReference; lastKnownFileType = sourcecode.swift; path = SettingsStoreTests.swift; sourceTree = "<group>"; };
		C0DE453E975B978103D45FAD /* ObjectCaptureEngine.swift */ = {isa = PBXFileReference; lastKnownFileType = sourcecode.swift; path = ObjectCaptureEngine.swift; sourceTree = "<group>"; };
		C4731D2A7790417E6D63A9A5 /* MacHandoffJobJournal.swift */ = {isa = PBXFileReference; lastKnownFileType = sourcecode.swift; path = MacHandoffJobJournal.swift; sourceTree = "<group>"; };
		CB80CB2523BFE5E9C74BBFBB /* BlenderModelConverter.swift */ = {isa = PBXFileReference; lastKnownFileType = sourcecode.swift; path = BlenderModelConverter.swift; sourceTree = "<group>"; };
		CFCC585299A17E4BD48468C3 /* ContentView.swift */ = {isa = PBXFileReference; lastKnownFileType = sourcecode.swift; path = ContentView.swift; sourceTree = "<group>"; };
		D15C2670C33C1808B927D57A /* 3DSeenApp.swift */ = {isa = PBXFileReference; lastKnownFileType = sourcecode.swift; path = 3DSeenApp.swift; sourceTree = "<group>"; };
		D2EFDC324502E8EE8CDCE1FD /* MacSettingsPane.swift */ = {isa = PBXFileReference; lastKnownFileType = sourcecode.swift; path = MacSettingsPane.swift; sourceTree = "<group>"; };
		D699E59014BAC0A8CD7BF80F /* LandscapeCaptureEngine.swift */ = {isa = PBXFileReference; lastKnownFileType = sourcecode.swift; path = LandscapeCaptureEngine.swift; sourceTree = "<group>"; };
		DF6140FFD36ADB270491891B /* NetworkHandoffManager.swift */ = {isa = PBXFileReference; lastKnownFileType = sourcecode.swift; path = NetworkHandoffManager.swift; sourceTree = "<group>"; };
		E047A386A69A590077D0400E /* ModelExporter.swift */ = {isa = PBXFileReference; lastKnownFileType = sourcecode.swift; path = ModelExporter.swift; sourceTree = "<group>"; };
		E07651B3FCF956B10B87C371 /* CaptureScreen.swift */ = {isa = PBXFileReference; lastKnownFileType = sourcecode.swift; path = CaptureScreen.swift; sourceTree = "<group>"; };
		E146E7937333AE7D7FFFDA36 /* SettingsStore.swift */ = {isa = PBXFileReference; lastKnownFileType = sourcecode.swift; path = SettingsStore.swift; sourceTree = "<group>"; };
		E2D63C1AF9F8FD5E2C6AFC43 /* CaptureTelemetryTests.swift */ = {isa = PBXFileReference; lastKnownFileType = sourcecode.swift; path = CaptureTelemetryTests.swift; sourceTree = "<group>"; };
		E5390766A930F48BB649338F /* GaussianSplat.swift */ = {isa = PBXFileReference; lastKnownFileType = sourcecode.swift; path = GaussianSplat.swift; sourceTree = "<group>"; };
		E98F370212A0EB3C878F8F5D /* CaptureQualityAnalyzer.swift */ = {isa = PBXFileReference; lastKnownFileType = sourcecode.swift; path = CaptureQualityAnalyzer.swift; sourceTree = "<group>"; };
		ED2170C8F12A88B7BEE2C7E5 /* ScanSessionMapping.swift */ = {isa = PBXFileReference; lastKnownFileType = sourcecode.swift; path = ScanSessionMapping.swift; sourceTree = "<group>"; };
		F1DB7CB6DEFFA0885362563F /* GaussianSplatGenerator.swift */ = {isa = PBXFileReference; lastKnownFileType = sourcecode.swift; path = GaussianSplatGenerator.swift; sourceTree = "<group>"; };
		F211D1F95F1137E6ED3888EC /* 3DSeenApp.swift */ = {isa = PBXFileReference; lastKnownFileType = sourcecode.swift; path = 3DSeenApp.swift; sourceTree = "<group>"; };
		F2AC060B0BE18A703CEF83F1 /* AIPBRMaterialEstimator.swift */ = {isa = PBXFileReference; lastKnownFileType = sourcecode.swift; path = AIPBRMaterialEstimator.swift; sourceTree = "<group>"; };
		F4B53953E0069367BFBAF55D /* StudioRender.swift */ = {isa = PBXFileReference; lastKnownFileType = sourcecode.swift; path = StudioRender.swift; sourceTree = "<group>"; };
		F5CD56748A9DBC6EEF36004D /* ExportScreen.swift */ = {isa = PBXFileReference; lastKnownFileType = sourcecode.swift; path = ExportScreen.swift; sourceTree = "<group>"; };
		F61C5D857D6ED1840F11ADA5 /* 3DSeen-macOS.entitlements */ = {isa = PBXFileReference; lastKnownFileType = text.plist.entitlements; path = "3DSeen-macOS.entitlements"; sourceTree = "<group>"; };
		F7F1EBB08D5A1806B90E8DB7 /* SplatGeneratorTests.swift */ = {isa = PBXFileReference; lastKnownFileType = sourcecode.swift; path = SplatGeneratorTests.swift; sourceTree = "<group>"; };
		F859450B348E448505DB12BA /* 3DSeen-macOSTests.xctest */ = {isa = PBXFileReference; explicitFileType = wrapper.cfbundle; includeInIndex = 0; path = "3DSeen-macOSTests.xctest"; sourceTree = BUILT_PRODUCTS_DIR; };
		F85DDBDD6E873DC5AAF7C124 /* LiveCaptureHUD.swift */ = {isa = PBXFileReference; lastKnownFileType = sourcecode.swift; path = LiveCaptureHUD.swift; sourceTree = "<group>"; };
		F8ABEFAF4C800310DE2199BD /* ComputeScreen.swift */ = {isa = PBXFileReference; lastKnownFileType = sourcecode.swift; path = ComputeScreen.swift; sourceTree = "<group>"; };
		FC5D2EB4650ACC4A0FB016D7 /* StateMachineTests.swift */ = {isa = PBXFileReference; lastKnownFileType = sourcecode.swift; path = StateMachineTests.swift; sourceTree = "<group>"; };
		FDAB72BEA60D5A70D3B7AC67 /* StudioRouter.swift */ = {isa = PBXFileReference; lastKnownFileType = sourcecode.swift; path = StudioRouter.swift; sourceTree = "<group>"; };
/* End PBXFileReference section */

/* Begin PBXFrameworksBuildPhase section */
		1A61784A348E20EEF37AA693 /* Frameworks */ = {
			isa = PBXFrameworksBuildPhase;
			buildActionMask = 2147483647;
			files = (
				80DD2A4163661AFA8669976B /* SplatIO in Frameworks */,
			);
			runOnlyForDeploymentPostprocessing = 0;
		};
		3EB781DEE5DE3C2C601471C9 /* Frameworks */ = {
			isa = PBXFrameworksBuildPhase;
			buildActionMask = 2147483647;
			files = (
				00FEBB52A9159B0DA2DB0BD1 /* ZIPFoundation in Frameworks */,
				5F2822505ADF4377F0FCD1D6 /* MetalSplatter in Frameworks */,
				76C81BB56F8C1C83D35B9EA3 /* SplatIO in Frameworks */,
				54F951A7365D5497B56A9EB9 /* PLYIO in Frameworks */,
			);
			runOnlyForDeploymentPostprocessing = 0;
		};
		94F52BF3773719762C340326 /* Frameworks */ = {
			isa = PBXFrameworksBuildPhase;
			buildActionMask = 2147483647;
			files = (
				3F8832F31EF44497117BAE69 /* ZIPFoundation in Frameworks */,
			);
			runOnlyForDeploymentPostprocessing = 0;
		};
/* End PBXFrameworksBuildPhase section */

/* Begin PBXGroup section */
		1D6D52D2D287382AB01E212F /* iOS */ = {
			isa = PBXGroup;
			children = (
				D15C2670C33C1808B927D57A /* 3DSeenApp.swift */,
				3FD1D9DF0008E6C70E565D89 /* Assets.xcassets */,
				9756B2993AD4E297961CB3B2 /* HandoffCoordinator.swift */,
				2247D2A1179515E2A33AC847 /* Info.plist */,
				3D8B70A79B4750B567770036 /* Capture */,
				98628D8611E4738D47123D78 /* Studio */,
			);
			name = iOS;
			path = Sources/iOS;
			sourceTree = "<group>";
		};
		2CB3FB99A80D76BB354915AC /* macOS */ = {
			isa = PBXGroup;
			children = (
				028ACBD730FE459DD24F6B08 /* BlenderModelConverterTests.swift */,
				24838148F514681A534BA513 /* ComputeStageTests.swift */,
				4744A87B322A5AC2A6E1CAD5 /* NerfstudioRuntimeInstallerTests.swift */,
				C081084541E03AFFA18E2B22 /* SettingsStoreTests.swift */,
				9C9BF597BE4D5F2AB0C0AF04 /* StudioComponentsTests.swift */,
			);
			name = macOS;
			path = Tests/macOS;
			sourceTree = "<group>";
		};
		2E861A7D7DC905AA9A114D94 /* Compute */ = {
			isa = PBXGroup;
			children = (
				B31CB2BDB4AAA6266CA396D7 /* PhotogrammetryRunner.swift */,
			);
			path = Compute;
			sourceTree = "<group>";
		};
		3D8B70A79B4750B567770036 /* Capture */ = {
			isa = PBXGroup;
			children = (
				408269989B88069C5E20274C /* CaptureCoordinatorView.swift */,
				D699E59014BAC0A8CD7BF80F /* LandscapeCaptureEngine.swift */,
				F85DDBDD6E873DC5AAF7C124 /* LiveCaptureHUD.swift */,
				C0DE453E975B978103D45FAD /* ObjectCaptureEngine.swift */,
				9DAD8A7ADE795A2D03C0A5C7 /* RoomCaptureEngine.swift */,
			);
			path = Capture;
			sourceTree = "<group>";
		};
		46AEED3F955B86E9A8BEBDF6 /* macOS */ = {
			isa = PBXGroup;
			children = (
				F61C5D857D6ED1840F11ADA5 /* 3DSeen-macOS.entitlements */,
				F211D1F95F1137E6ED3888EC /* 3DSeenApp.swift */,
				8C95CA27A7E1E731D0B34517 /* Assets.xcassets */,
				CB80CB2523BFE5E9C74BBFBB /* BlenderModelConverter.swift */,
				6D83DD0DC72326B02DADE40A /* ComputeCoordinator.swift */,
				CFCC585299A17E4BD48468C3 /* ContentView.swift */,
				20AF247B7CE0D9B6DF319A58 /* Info.plist */,
				25E78ECC6BE0728FB2D514A2 /* MacComputePane.swift */,
				4EA5E31F28CC4DB785424809 /* MacExportPane.swift */,
				C4731D2A7790417E6D63A9A5 /* MacHandoffJobJournal.swift */,
				0BEDEB7EFB54C45767689D41 /* MacLibraryPane.swift */,
				D2EFDC324502E8EE8CDCE1FD /* MacSettingsPane.swift */,
				8525FA57375C0BE2E9B0AA2F /* MacViewerPane.swift */,
				84DE17EB79919A1B79091980 /* NerfstudioRuntimeInstaller.swift */,
				5A9AC885A17E5D03B3EB54B5 /* NerfstudioSplatTrainer.swift */,
			);
			name = macOS;
			path = Sources/macOS;
			sourceTree = "<group>";
		};
		56961C7045746EB6506A1DB9 /* Models */ = {
			isa = PBXGroup;
			children = (
				3DA53940BBA8FCD5C9ED3794 /* ScanSession.swift */,
			);
			path = Models;
			sourceTree = "<group>";
		};
		59D7DC9C7388785CD7ABAA9A /* Products */ = {
			isa = PBXGroup;
			children = (
				17A99EDAB0502DBA8088D72E /* 3DSeen-iOS.app */,
				8A6A45AA9079BBCBE58A77A3 /* 3DSeen-iOSTests.xctest */,
				B10EE64B5BAD71B2E728E7B9 /* 3DSeen-iOSUITests.xctest */,
				2ED5C71A1B4B5EFDF6665381 /* 3DSeen-macOS.app */,
				F859450B348E448505DB12BA /* 3DSeen-macOSTests.xctest */,
			);
			name = Products;
			sourceTree = "<group>";
		};
		605E33221CB3FD8BFA9FA5F2 /* Studio */ = {
			isa = PBXGroup;
			children = (
				F1DB7CB6DEFFA0885362563F /* GaussianSplatGenerator.swift */,
				2D06C68200886D7865B4EC27 /* SampleData.swift */,
				ED2170C8F12A88B7BEE2C7E5 /* ScanSessionMapping.swift */,
				F4B53953E0069367BFBAF55D /* StudioRender.swift */,
			);
			path = Studio;
			sourceTree = "<group>";
		};
		6A82A2287EF68776B7B34F90 = {
			isa = PBXGroup;
			children = (
				1D6D52D2D287382AB01E212F /* iOS */,
				A2E492D40609B4A0F6FAE727 /* iOS */,
				A876E605724FC7DB7FB4685C /* iOSUI */,
				46AEED3F955B86E9A8BEBDF6 /* macOS */,
				2CB3FB99A80D76BB354915AC /* macOS */,
				A4B9BBA90BA6CB09C3ED9264 /* Shared */,
				59D7DC9C7388785CD7ABAA9A /* Products */,
			);
			sourceTree = "<group>";
		};
		96A52C2A8700B792644B0BED /* Export */ = {
			isa = PBXGroup;
			children = (
				E047A386A69A590077D0400E /* ModelExporter.swift */,
			);
			path = Export;
			sourceTree = "<group>";
		};
		98628D8611E4738D47123D78 /* Studio */ = {
			isa = PBXGroup;
			children = (
				70A9B012C4A9D6C001FE697B /* ComputeOption.swift */,
				E5390766A930F48BB649338F /* GaussianSplat.swift */,
				5FF65174650149D9D9FAAADD /* Haptics.swift */,
				BBC667D7ECC9E10091C643D0 /* StudioChrome.swift */,
				FDAB72BEA60D5A70D3B7AC67 /* StudioRouter.swift */,
				AC6B93B20CF5B66DB2BADFC9 /* Screens */,
			);
			path = Studio;
			sourceTree = "<group>";
		};
		9EC695A77B6EE9DD68D73C1F /* DesignSystem */ = {
			isa = PBXGroup;
			children = (
				8D5C85EEC167D880894CBAD1 /* LiquidGlass.swift */,
				191E7FBB3A8060C3A0D4F62D /* Primitives.swift */,
				2D535C6B22419107CA1BE97C /* StudioComponents.swift */,
				855FF907514F5220109067B2 /* Theme.swift */,
			);
			path = DesignSystem;
			sourceTree = "<group>";
		};
		A2E492D40609B4A0F6FAE727 /* iOS */ = {
			isa = PBXGroup;
			children = (
				281F78B7D402BE66E74A9771 /* AutoPilotTests.swift */,
				E2D63C1AF9F8FD5E2C6AFC43 /* CaptureTelemetryTests.swift */,
				64953E3F4E46190D0E5C36FE /* ComputeDetailCapabilityTests.swift */,
				5497D160451FC0508F4E6754 /* HandoffPairingCoordinatorTests.swift */,
				A7920D74A99B1596A19E73AC /* HandoffProtocolTests.swift */,
				197D3A95570EDF2EBDC4AE03 /* HandoffTrustTests.swift */,
				6DBB988AF570CA6FA57C4DC8 /* ModelExporterTests.swift */,
				1867E16CD3C9B0B46E98823F /* PBRMaterialTests.swift */,
				B290292242D89550970068F4 /* ScanLifecycleManagerTests.swift */,
				F7F1EBB08D5A1806B90E8DB7 /* SplatGeneratorTests.swift */,
				40C30F34558AA0A12627CAB5 /* SplatRoundTripTests.swift */,
				FC5D2EB4650ACC4A0FB016D7 /* StateMachineTests.swift */,
				68EF972E44A504A2F5E88083 /* ThemeAndRenderTests.swift */,
			);
			name = iOS;
			path = Tests/iOS;
			sourceTree = "<group>";
		};
		A4B9BBA90BA6CB09C3ED9264 /* Shared */ = {
			isa = PBXGroup;
			children = (
				9A2A28C46F8496F999E0A552 /* AutoPilotVisionManager.swift */,
				E98F370212A0EB3C878F8F5D /* CaptureQualityAnalyzer.swift */,
				96BE68CCC1669D6127D359C5 /* HandoffPairingCoordinator.swift */,
				60DF3F918AC67A5FC851F598 /* HandoffProtocol.swift */,
				0E9069508A6BB2A6AF3157E7 /* HandoffTransport.swift */,
				0ABA6E8C22956A44B83CEA87 /* HandoffTrust.swift */,
				81D8872B17C1E43C16BF0E89 /* LiveCaptureStatus.swift */,
				4D346EB2BD18E2A661B3BF1F /* LocalQueueManager.swift */,
				94267FF59D408E2A692E43BB /* ModelGeometryInspector.swift */,
				DF6140FFD36ADB270491891B /* NetworkHandoffManager.swift */,
				A8296EF932D5513800A12FEB /* PLYValidator.swift */,
				10DEAF503F471822B4E715BC /* PrivacyInfo.xcprivacy */,
				69735CC14F7457670ECBD7C6 /* ProcessingStateMachine.swift */,
				37B0CBC2BEF43FF4A30B485D /* ScanLifecycleManager.swift */,
				E146E7937333AE7D7FFFDA36 /* SettingsStore.swift */,
				2E861A7D7DC905AA9A114D94 /* Compute */,
				9EC695A77B6EE9DD68D73C1F /* DesignSystem */,
				96A52C2A8700B792644B0BED /* Export */,
				B74EB09E49E90C9A59191B50 /* Materials */,
				56961C7045746EB6506A1DB9 /* Models */,
				605E33221CB3FD8BFA9FA5F2 /* Studio */,
			);
			name = Shared;
			path = Sources/Shared;
			sourceTree = "<group>";
		};
		A876E605724FC7DB7FB4685C /* iOSUI */ = {
			isa = PBXGroup;
			children = (
				0E7DB58CB14F3185D5564E53 /* WizardFlowUITests.swift */,
			);
			name = iOSUI;
			path = Tests/iOSUI;
			sourceTree = "<group>";
		};
		AC6B93B20CF5B66DB2BADFC9 /* Screens */ = {
			isa = PBXGroup;
			children = (
				7BEF257A4B59A9E6793F948E /* BriefingScreen.swift */,
				E07651B3FCF956B10B87C371 /* CaptureScreen.swift */,
				F8ABEFAF4C800310DE2199BD /* ComputeScreen.swift */,
				F5CD56748A9DBC6EEF36004D /* ExportScreen.swift */,
				A5404329902D56B5837A2088 /* LibraryScreen.swift */,
				7285F79EED4C6F44B29292AB /* ModePickerScreen.swift */,
				8778A7A62DAFBA745CDB4F67 /* QualityScreen.swift */,
				14FA47AE7BE7007CA657F167 /* ReviewScreen.swift */,
				60DC68A1A91B1590CD93B795 /* SettingsScreen.swift */,
				6AD323776CD4D94C47792345 /* ViewerScreen.swift */,
			);
			path = Screens;
			sourceTree = "<group>";
		};
		B74EB09E49E90C9A59191B50 /* Materials */ = {
			isa = PBXGroup;
			children = (
				F2AC060B0BE18A703CEF83F1 /* AIPBRMaterialEstimator.swift */,
				A62228C3C6D40D57E5609FAF /* MaterialOverrideLibrary.swift */,
			);
			path = Materials;
			sourceTree = "<group>";
		};
/* End PBXGroup section */

/* Begin PBXNativeTarget section */
		A1285B8C102B7FD23D6CB758 /* 3DSeen-iOSUITests */ = {
			isa = PBXNativeTarget;
			buildConfigurationList = 71A6BAF299A6FB8976285212 /* Build configuration list for PBXNativeTarget "3DSeen-iOSUITests" */;
			buildPhases = (
				AB650D1D43A53276F0B2F4E2 /* Sources */,
			);
			buildRules = (
			);
			dependencies = (
				F59A07D6FD44880AE4CA0518 /* PBXTargetDependency */,
			);
			name = "3DSeen-iOSUITests";
			packageProductDependencies = (
			);
			productName = "3DSeen-iOSUITests";
			productReference = B10EE64B5BAD71B2E728E7B9 /* 3DSeen-iOSUITests.xctest */;
			productType = "com.apple.product-type.bundle.ui-testing";
		};
		A4887E1AD8B7BA1740FD76AD /* 3DSeen-iOS */ = {
			isa = PBXNativeTarget;
			buildConfigurationList = 06F24075E535F990A2B572CD /* Build configuration list for PBXNativeTarget "3DSeen-iOS" */;
			buildPhases = (
				EE766023D1539986992EE7F3 /* Sources */,
				1F86C31536F1789D6C69862F /* Resources */,
				3EB781DEE5DE3C2C601471C9 /* Frameworks */,
			);
			buildRules = (
			);
			dependencies = (
			);
			name = "3DSeen-iOS";
			packageProductDependencies = (
				8D254D25EC0DCBC2FF287C05 /* ZIPFoundation */,
				7E26BBE8E8DA99F248F75E73 /* MetalSplatter */,
				2B8FF1E5E37CC08F81E66CF6 /* SplatIO */,
				7CFC7D9BFBE2A121EFD3E15F /* PLYIO */,
			);
			productName = "3DSeen-iOS";
			productReference = 17A99EDAB0502DBA8088D72E /* 3DSeen-iOS.app */;
			productType = "com.apple.product-type.application";
		};
		C8B195E2C4D9380B04FC7074 /* 3DSeen-macOS */ = {
			isa = PBXNativeTarget;
			buildConfigurationList = 0B7D927FD12DE35EA7ED015F /* Build configuration list for PBXNativeTarget "3DSeen-macOS" */;
			buildPhases = (
				5798CD089021E09D89B23E78 /* Sources */,
				683699948CB70C1F57CAA2C1 /* Resources */,
				94F52BF3773719762C340326 /* Frameworks */,
			);
			buildRules = (
			);
			dependencies = (
			);
			name = "3DSeen-macOS";
			packageProductDependencies = (
				B8A7E315EAB4A35CDE7FAF4A /* ZIPFoundation */,
			);
			productName = "3DSeen-macOS";
			productReference = 2ED5C71A1B4B5EFDF6665381 /* 3DSeen-macOS.app */;
			productType = "com.apple.product-type.application";
		};
		CE33357D7808BAD7581E4BA6 /* 3DSeen-macOSTests */ = {
			isa = PBXNativeTarget;
			buildConfigurationList = E97B4771F2320BA39D4B7562 /* Build configuration list for PBXNativeTarget "3DSeen-macOSTests" */;
			buildPhases = (
				25FA451DB2F3A07B57DB70A0 /* Sources */,
			);
			buildRules = (
			);
			dependencies = (
				F97EC744E685515C368858A0 /* PBXTargetDependency */,
			);
			name = "3DSeen-macOSTests";
			packageProductDependencies = (
			);
			productName = "3DSeen-macOSTests";
			productReference = F859450B348E448505DB12BA /* 3DSeen-macOSTests.xctest */;
			productType = "com.apple.product-type.bundle.unit-test";
		};
		DFD623BA2B972EB470718C19 /* 3DSeen-iOSTests */ = {
			isa = PBXNativeTarget;
			buildConfigurationList = 4E92150E3E64C75B1159AFC9 /* Build configuration list for PBXNativeTarget "3DSeen-iOSTests" */;
			buildPhases = (
				3FE5948B4E85F1277B263AE9 /* Sources */,
				1A61784A348E20EEF37AA693 /* Frameworks */,
			);
			buildRules = (
			);
			dependencies = (
				2EBF3839C90B2178D0F164B0 /* PBXTargetDependency */,
			);
			name = "3DSeen-iOSTests";
			packageProductDependencies = (
				A28226202A9FD918A4BFDEF6 /* SplatIO */,
			);
			productName = "3DSeen-iOSTests";
			productReference = 8A6A45AA9079BBCBE58A77A3 /* 3DSeen-iOSTests.xctest */;
			productType = "com.apple.product-type.bundle.unit-test";
		};
/* End PBXNativeTarget section */

/* Begin PBXProject section */
		2D4C504670C3FC2DB92EEC6E /* Project object */ = {
			isa = PBXProject;
			attributes = {
				BuildIndependentTargetsInParallel = YES;
				LastUpgradeCheck = 1430;
				TargetAttributes = {
					A1285B8C102B7FD23D6CB758 = {
						TestTargetID = A4887E1AD8B7BA1740FD76AD;
					};
					A4887E1AD8B7BA1740FD76AD = {
						DevelopmentTeam = "";
					};
					C8B195E2C4D9380B04FC7074 = {
						DevelopmentTeam = "";
					};
				};
			};
			buildConfigurationList = 0AA503F6F79F2C91CA7D4383 /* Build configuration list for PBXProject "3DSeen" */;
			developmentRegion = en;
			hasScannedForEncodings = 0;
			knownRegions = (
				Base,
				en,
			);
			mainGroup = 6A82A2287EF68776B7B34F90;
			minimizedProjectReferenceProxies = 1;
			packageReferences = (
				521D111E9FFB7C0D7574ED89 /* XCRemoteSwiftPackageReference "MetalSplatter" */,
				8BBD7080256AF76F788CAE29 /* XCRemoteSwiftPackageReference "ZIPFoundation" */,
			);
			preferredProjectObjectVersion = 77;
			productRefGroup = 59D7DC9C7388785CD7ABAA9A /* Products */;
			projectDirPath = "";
			projectRoot = "";
			targets = (
				A4887E1AD8B7BA1740FD76AD /* 3DSeen-iOS */,
				DFD623BA2B972EB470718C19 /* 3DSeen-iOSTests */,
				A1285B8C102B7FD23D6CB758 /* 3DSeen-iOSUITests */,
				C8B195E2C4D9380B04FC7074 /* 3DSeen-macOS */,
				CE33357D7808BAD7581E4BA6 /* 3DSeen-macOSTests */,
			);
		};
/* End PBXProject section */

/* Begin PBXResourcesBuildPhase section */
		1F86C31536F1789D6C69862F /* Resources */ = {
			isa = PBXResourcesBuildPhase;
			buildActionMask = 2147483647;
			files = (
				23E3AD837941CD24AB72069B /* Assets.xcassets in Resources */,
				6E21E4326F2462B0AAD4307B /* PrivacyInfo.xcprivacy in Resources */,
			);
			runOnlyForDeploymentPostprocessing = 0;
		};
		683699948CB70C1F57CAA2C1 /* Resources */ = {
			isa = PBXResourcesBuildPhase;
			buildActionMask = 2147483647;
			files = (
				771520BE586627B4103B57DF /* Assets.xcassets in Resources */,
				7035A8234FDEF1B545EBCE57 /* PrivacyInfo.xcprivacy in Resources */,
			);
			runOnlyForDeploymentPostprocessing = 0;
		};
/* End PBXResourcesBuildPhase section */

/* Begin PBXSourcesBuildPhase section */
		25FA451DB2F3A07B57DB70A0 /* Sources */ = {
			isa = PBXSourcesBuildPhase;
			buildActionMask = 2147483647;
			files = (
				FE3524954C6E05BF7C0355AE /* BlenderModelConverterTests.swift in Sources */,
				A04ED326F276D501FEEE32FC /* ComputeStageTests.swift in Sources */,
				73EBDAC4C609843473DF511A /* NerfstudioRuntimeInstallerTests.swift in Sources */,
				A3FB31142EA340023CEFDDFC /* SettingsStoreTests.swift in Sources */,
				7E6668AD45271417CECA7246 /* StudioComponentsTests.swift in Sources */,
			);
			runOnlyForDeploymentPostprocessing = 0;
		};
		3FE5948B4E85F1277B263AE9 /* Sources */ = {
			isa = PBXSourcesBuildPhase;
			buildActionMask = 2147483647;
			files = (
				0B98DA421C4EC7CFC7DA9F9A /* AutoPilotTests.swift in Sources */,
				E5D1820F52E8DC53581193E6 /* CaptureTelemetryTests.swift in Sources */,
				E1D81375B20049AEEEC86FF2 /* ComputeDetailCapabilityTests.swift in Sources */,
				137225363E194759F2566F11 /* HandoffPairingCoordinatorTests.swift in Sources */,
				0C17028F1E8678A45B43B9C7 /* HandoffProtocolTests.swift in Sources */,
				8509104342481E9EFAD8E3BD /* HandoffTrustTests.swift in Sources */,
				FBAC5E9911D678E6EAF604D1 /* ModelExporterTests.swift in Sources */,
				AA464BDF86FCE76EDD5F882E /* PBRMaterialTests.swift in Sources */,
				6EA21C0797D0DFAFB81FB8D8 /* ScanLifecycleManagerTests.swift in Sources */,
				F6230FCC1FFE9C5BF31111DB /* SplatGeneratorTests.swift in Sources */,
				D4E47FBFB8E7D4BBDF6CC384 /* SplatRoundTripTests.swift in Sources */,
				99193E0272843C4E65F36BCE /* StateMachineTests.swift in Sources */,
				F7676F45F78678BDB30183AD /* ThemeAndRenderTests.swift in Sources */,
			);
			runOnlyForDeploymentPostprocessing = 0;
		};
		5798CD089021E09D89B23E78 /* Sources */ = {
			isa = PBXSourcesBuildPhase;
			buildActionMask = 2147483647;
			files = (
				04C808A00EBAEAF77E28BE75 /* 3DSeenApp.swift in Sources */,
				8A52477CCC65BB076A63E066 /* AIPBRMaterialEstimator.swift in Sources */,
				55143D9E4B912C225EB8EA4A /* AutoPilotVisionManager.swift in Sources */,
				960E76F119F182BF6D68E553 /* BlenderModelConverter.swift in Sources */,
				B774D582846E74BF958BFB78 /* CaptureQualityAnalyzer.swift in Sources */,
				AF5998B414E507B278960DEA /* ComputeCoordinator.swift in Sources */,
				AE8F535CD9B1D83E75355533 /* ContentView.swift in Sources */,
				79B340355294E09310B6B3F4 /* GaussianSplatGenerator.swift in Sources */,
				EAD320028C8170FC7A2B9907 /* HandoffPairingCoordinator.swift in Sources */,
				D352A51421B97389F39FD80A /* HandoffProtocol.swift in Sources */,
				82DD65DADBAEF8C5F5C49CC2 /* HandoffTransport.swift in Sources */,
				7CB2C697E9AC794ED97338B7 /* HandoffTrust.swift in Sources */,
				78F70CE5F278A7A9F5DC1775 /* LiquidGlass.swift in Sources */,
				8C8EA5802776FE10A414F471 /* LiveCaptureStatus.swift in Sources */,
				497EAD07AE55DB09ABE70E8D /* LocalQueueManager.swift in Sources */,
				527B29996E4D0FBE5FB7D70C /* MacComputePane.swift in Sources */,
				8C3C74A66415284C06DED6EF /* MacExportPane.swift in Sources */,
				0C4D428D7C231182E99C6521 /* MacHandoffJobJournal.swift in Sources */,
				6C9BC460341656D7D9989649 /* MacLibraryPane.swift in Sources */,
				9FB6E2DF17A8E287F328DEC7 /* MacSettingsPane.swift in Sources */,
				0EC4ACA3A3EB77203CEFBFB8 /* MacViewerPane.swift in Sources */,
				AAF5D0F35FCEB5BB7F1AE0A8 /* MaterialOverrideLibrary.swift in Sources */,
				FD43883779E29AB156CF5093 /* ModelExporter.swift in Sources */,
				B801D9F976BB29CD59A42B23 /* ModelGeometryInspector.swift in Sources */,
				7E11C5520F3814ACCD8B2C35 /* NerfstudioRuntimeInstaller.swift in Sources */,
				5844F8C23A2E3B4237B58374 /* NerfstudioSplatTrainer.swift in Sources */,
				59CC507288BCD9845C86EF8F /* NetworkHandoffManager.swift in Sources */,
				600EB8544C23613C14495901 /* PLYValidator.swift in Sources */,
				03B4ADE8AA7091CF9083B02F /* PhotogrammetryRunner.swift in Sources */,
				32E1BAE7B79519B13D39AFBD /* Primitives.swift in Sources */,
				8FD1DFD6480E1451FA3A84AF /* ProcessingStateMachine.swift in Sources */,
				20F1F6A8646BF40AD2EBD899 /* SampleData.swift in Sources */,
				68A17BE6A3B28525BC8E0DEC /* ScanLifecycleManager.swift in Sources */,
				1E1F878E6C6326284EEBB948 /* ScanSession.swift in Sources */,
				9F16E711497D970F8334CDE4 /* ScanSessionMapping.swift in Sources */,
				B6C39E0C36A28846E3B5A9BD /* SettingsStore.swift in Sources */,
				6FF8B02A2FB10DE4C91F0A19 /* StudioComponents.swift in Sources */,
				1434946C9BE38B69039DA59E /* StudioRender.swift in Sources */,
				7755BF522C59EB3393F6E31E /* Theme.swift in Sources */,
			);
			runOnlyForDeploymentPostprocessing = 0;
		};
		AB650D1D43A53276F0B2F4E2 /* Sources */ = {
			isa = PBXSourcesBuildPhase;
			buildActionMask = 2147483647;
			files = (
				2E00DF49ACB24E7730FD7A71 /* WizardFlowUITests.swift in Sources */,
			);
			runOnlyForDeploymentPostprocessing = 0;
		};
		EE766023D1539986992EE7F3 /* Sources */ = {
			isa = PBXSourcesBuildPhase;
			buildActionMask = 2147483647;
			files = (
				A31D2D59339DF68E73EBDCEE /* 3DSeenApp.swift in Sources */,
				043DE1418392692AAA10B8CC /* AIPBRMaterialEstimator.swift in Sources */,
				4996E9BB3BA317180388D3D0 /* AutoPilotVisionManager.swift in Sources */,
				963C111EC42D504BC96AB7DE /* BriefingScreen.swift in Sources */,
				115B1546366E464ABE2A4F77 /* CaptureCoordinatorView.swift in Sources */,
				ACB180BF6FB8355B721C6C8A /* CaptureQualityAnalyzer.swift in Sources */,
				4467A3C868558569446D39A1 /* CaptureScreen.swift in Sources */,
				D0CBA0375333C13FC38AFBFF /* ComputeOption.swift in Sources */,
				2F2DCE8C2176A44226EB08EE /* ComputeScreen.swift in Sources */,
				534EB7A2FF070AE6780F4B84 /* ExportScreen.swift in Sources */,
				89017EE14CAC361BE71CB61E /* GaussianSplat.swift in Sources */,
				112217F082CDBA2987000879 /* GaussianSplatGenerator.swift in Sources */,
				EE22AADD355AE96D66605E0F /* HandoffCoordinator.swift in Sources */,
				C23D2E164A9213EFFB51719F /* HandoffPairingCoordinator.swift in Sources */,
				777FCF8F2A3B4628558342BC /* HandoffProtocol.swift in Sources */,
				C7EE7BF07BBF072BCF3950FD /* HandoffTransport.swift in Sources */,
				9F2FB300A619F0A2E8236793 /* HandoffTrust.swift in Sources */,
				B3D3A2377AD8011EF0B4475E /* Haptics.swift in Sources */,
				B796705BCBA29BDB14A9363D /* LandscapeCaptureEngine.swift in Sources */,
				0156D4A3083F0AFD2212E54B /* LibraryScreen.swift in Sources */,
				FD79DA653B95A876C02427EB /* LiquidGlass.swift in Sources */,
				3B1475DB7A4A31A8A491AC70 /* LiveCaptureHUD.swift in Sources */,
				395F0F279197F6BDE8505E66 /* LiveCaptureStatus.swift in Sources */,
				EB2C0D73EEDCA21A965BA071 /* LocalQueueManager.swift in Sources */,
				383F4B63670447CFCD1B1E6C /* MaterialOverrideLibrary.swift in Sources */,
				9E55AEFAD19B5B699CDB4281 /* ModePickerScreen.swift in Sources */,
				7B5F4899EDD7F2DD18D1774A /* ModelExporter.swift in Sources */,
				70DA98E80BA39694368960E9 /* ModelGeometryInspector.swift in Sources */,
				8E700DABEC216E751BB48DA2 /* NetworkHandoffManager.swift in Sources */,
				C9AD59FF6F58547E4021D6B9 /* ObjectCaptureEngine.swift in Sources */,
				224C86140570F33A6352D94A /* PLYValidator.swift in Sources */,
				03B679D586AF0E119F8E1CA1 /* PhotogrammetryRunner.swift in Sources */,
				B9F6034ED39489AE835575C6 /* Primitives.swift in Sources */,
				3AEE80DA890B13896C22D33B /* ProcessingStateMachine.swift in Sources */,
				4CDD4ACDBAC038E47AB73678 /* QualityScreen.swift in Sources */,
				0101DB6CF38114299790084E /* ReviewScreen.swift in Sources */,
				EABE927EC6A92DE33514BC0E /* RoomCaptureEngine.swift in Sources */,
				6AAFE9E26B2C68818F4D7B4B /* SampleData.swift in Sources */,
				1B8BAB4E8B4D64F5B877C099 /* ScanLifecycleManager.swift in Sources */,
				C378704DEF112B1161D98AC7 /* ScanSession.swift in Sources */,
				1A1D8E12023693854EDA9D67 /* ScanSessionMapping.swift in Sources */,
				218AC79ED2C3E9E0B6F99A8C /* SettingsScreen.swift in Sources */,
				53D0DC87A4A72C6519D5043A /* SettingsStore.swift in Sources */,
				C2F79A0603A7DE28E966095A /* StudioChrome.swift in Sources */,
				2294A576C20FF5C9AA9B8488 /* StudioComponents.swift in Sources */,
				96C455519E0804F71F460900 /* StudioRender.swift in Sources */,
				610A788645A2098F1428BB87 /* StudioRouter.swift in Sources */,
				FE77DCAB57B4A839EE000B0B /* Theme.swift in Sources */,
				28E252D6230C9F3F27FD4451 /* ViewerScreen.swift in Sources */,
			);
			runOnlyForDeploymentPostprocessing = 0;
		};
/* End PBXSourcesBuildPhase section */

/* Begin PBXTargetDependency section */
		2EBF3839C90B2178D0F164B0 /* PBXTargetDependency */ = {
			isa = PBXTargetDependency;
			target = A4887E1AD8B7BA1740FD76AD /* 3DSeen-iOS */;
			targetProxy = E37803EA46531BA05922FF95 /* PBXContainerItemProxy */;
		};
		F59A07D6FD44880AE4CA0518 /* PBXTargetDependency */ = {
			isa = PBXTargetDependency;
			target = A4887E1AD8B7BA1740FD76AD /* 3DSeen-iOS */;
			targetProxy = 7172E8DD48458E79143707E0 /* PBXContainerItemProxy */;
		};
		F97EC744E685515C368858A0 /* PBXTargetDependency */ = {
			isa = PBXTargetDependency;
			target = C8B195E2C4D9380B04FC7074 /* 3DSeen-macOS */;
			targetProxy = 1A5C4F300DD0E5BCD75CBA79 /* PBXContainerItemProxy */;
		};
/* End PBXTargetDependency section */

/* Begin XCBuildConfiguration section */
		19F2FDBFDB8972E115048BA8 /* Debug */ = {
			isa = XCBuildConfiguration;
			buildSettings = {
				BUNDLE_LOADER = "$(TEST_HOST)";
				GENERATE_INFOPLIST_FILE = YES;
				LD_RUNPATH_SEARCH_PATHS = (
					"$(inherited)",
					"@executable_path/Frameworks",
					"@loader_path/Frameworks",
				);
				PRODUCT_BUNDLE_IDENTIFIER = "com.adamnolle.3DSeen-iOSUITests";
				SDKROOT = iphoneos;
				SWIFT_VERSION = 5.9;
				TARGETED_DEVICE_FAMILY = "1,2";
				TEST_TARGET_NAME = "3DSeen-iOS";
			};
			name = Debug;
		};
		28F186F2A2D2DCAABE3E87BA /* Release */ = {
			isa = XCBuildConfiguration;
			buildSettings = {
				ASSETCATALOG_COMPILER_APPICON_NAME = AppIcon;
				ASSETCATALOG_COMPILER_GLOBAL_ACCENT_COLOR_NAME = AccentColor;
				CODE_SIGN_ENTITLEMENTS = "Sources/macOS/3DSeen-macOS.entitlements";
				COMBINE_HIDPI_IMAGES = YES;
				CURRENT_PROJECT_VERSION = 1;
				DEVELOPMENT_TEAM = "";
				ENABLE_HARDENED_RUNTIME = YES;
				ENABLE_PREVIEWS = YES;
				INFOPLIST_FILE = Sources/macOS/Info.plist;
				LD_RUNPATH_SEARCH_PATHS = (
					"$(inherited)",
					"@executable_path/../Frameworks",
				);
				MARKETING_VERSION = 1.0.0;
				PRODUCT_BUNDLE_IDENTIFIER = "com.adamnolle.3DSeen-macOS";
				PRODUCT_MODULE_NAME = ThreeDSeenMac;
				SDKROOT = macosx;
				SWIFT_VERSION = 5.9;
			};
			name = Release;
		};
		32886FA0AB81CFA459B12327 /* Release */ = {
			isa = XCBuildConfiguration;
			buildSettings = {
				ALWAYS_SEARCH_USER_PATHS = NO;
				CLANG_ANALYZER_NONNULL = YES;
				CLANG_ANALYZER_NUMBER_OBJECT_CONVERSION = YES_AGGRESSIVE;
				CLANG_CXX_LANGUAGE_STANDARD = "gnu++14";
				CLANG_CXX_LIBRARY = "libc++";
				CLANG_ENABLE_MODULES = YES;
				CLANG_ENABLE_OBJC_ARC = YES;
				CLANG_ENABLE_OBJC_WEAK = YES;
				CLANG_WARN_BLOCK_CAPTURE_AUTORELEASING = YES;
				CLANG_WARN_BOOL_CONVERSION = YES;
				CLANG_WARN_COMMA = YES;
				CLANG_WARN_CONSTANT_CONVERSION = YES;
				CLANG_WARN_DEPRECATED_OBJC_IMPLEMENTATIONS = YES;
				CLANG_WARN_DIRECT_OBJC_ISA_USAGE = YES_ERROR;
				CLANG_WARN_DOCUMENTATION_COMMENTS = YES;
				CLANG_WARN_EMPTY_BODY = YES;
				CLANG_WARN_ENUM_CONVERSION = YES;
				CLANG_WARN_INFINITE_RECURSION = YES;
				CLANG_WARN_INT_CONVERSION = YES;
				CLANG_WARN_NON_LITERAL_NULL_CONVERSION = YES;
				CLANG_WARN_OBJC_IMPLICIT_RETAIN_SELF = YES;
				CLANG_WARN_OBJC_LITERAL_CONVERSION = YES;
				CLANG_WARN_OBJC_ROOT_CLASS = YES_ERROR;
				CLANG_WARN_QUOTED_INCLUDE_IN_FRAMEWORK_HEADER = YES;
				CLANG_WARN_RANGE_LOOP_ANALYSIS = YES;
				CLANG_WARN_STRICT_PROTOTYPES = YES;
				CLANG_WARN_SUSPICIOUS_MOVE = YES;
				CLANG_WARN_UNGUARDED_AVAILABILITY = YES_AGGRESSIVE;
				CLANG_WARN_UNREACHABLE_CODE = YES;
				CLANG_WARN__DUPLICATE_METHOD_MATCH = YES;
				COPY_PHASE_STRIP = NO;
				DEBUG_INFORMATION_FORMAT = "dwarf-with-dsym";
				ENABLE_NS_ASSERTIONS = NO;
				ENABLE_STRICT_OBJC_MSGSEND = YES;
				GCC_C_LANGUAGE_STANDARD = gnu11;
				GCC_NO_COMMON_BLOCKS = YES;
				GCC_WARN_64_TO_32_BIT_CONVERSION = YES;
				GCC_WARN_ABOUT_RETURN_TYPE = YES_ERROR;
				GCC_WARN_UNDECLARED_SELECTOR = YES;
				GCC_WARN_UNINITIALIZED_AUTOS = YES_AGGRESSIVE;
				GCC_WARN_UNUSED_FUNCTION = YES;
				GCC_WARN_UNUSED_VARIABLE = YES;
				IPHONEOS_DEPLOYMENT_TARGET = 17.0;
				MACOSX_DEPLOYMENT_TARGET = 14.0;
				MTL_ENABLE_DEBUG_INFO = NO;
				MTL_FAST_MATH = YES;
				PRODUCT_NAME = "$(TARGET_NAME)";
				SWIFT_COMPILATION_MODE = wholemodule;
				SWIFT_OPTIMIZATION_LEVEL = "-O";
				SWIFT_VERSION = 5.0;
			};
			name = Release;
		};
		3738CC2238D718CFA28A75E9 /* Release */ = {
			isa = XCBuildConfiguration;
			buildSettings = {
				ASSETCATALOG_COMPILER_APPICON_NAME = AppIcon;
				ASSETCATALOG_COMPILER_GLOBAL_ACCENT_COLOR_NAME = AccentColor;
				CODE_SIGN_IDENTITY = "iPhone Developer";
				CURRENT_PROJECT_VERSION = 1;
				DEVELOPMENT_TEAM = "";
				ENABLE_PREVIEWS = YES;
				INFOPLIST_FILE = Sources/iOS/Info.plist;
				LD_RUNPATH_SEARCH_PATHS = (
					"$(inherited)",
					"@executable_path/Frameworks",
				);
				MARKETING_VERSION = 1.0.0;
				PRODUCT_BUNDLE_IDENTIFIER = "com.adamnolle.3DSeen-iOS";
				PRODUCT_MODULE_NAME = ThreeDSeen;
				SDKROOT = iphoneos;
				SWIFT_VERSION = 5.9;
				TARGETED_DEVICE_FAMILY = "1,2";
			};
			name = Release;
		};
		43D5728DACC95044BFD4D1B9 /* Debug */ = {
			isa = XCBuildConfiguration;
			buildSettings = {
				ASSETCATALOG_COMPILER_APPICON_NAME = AppIcon;
				ASSETCATALOG_COMPILER_GLOBAL_ACCENT_COLOR_NAME = AccentColor;
				CODE_SIGN_IDENTITY = "iPhone Developer";
				CURRENT_PROJECT_VERSION = 1;
				DEVELOPMENT_TEAM = "";
				ENABLE_PREVIEWS = YES;
				INFOPLIST_FILE = Sources/iOS/Info.plist;
				LD_RUNPATH_SEARCH_PATHS = (
					"$(inherited)",
					"@executable_path/Frameworks",
				);
				MARKETING_VERSION = 1.0.0;
				PRODUCT_BUNDLE_IDENTIFIER = "com.adamnolle.3DSeen-iOS";
				PRODUCT_MODULE_NAME = ThreeDSeen;
				SDKROOT = iphoneos;
				SWIFT_VERSION = 5.9;
				TARGETED_DEVICE_FAMILY = "1,2";
			};
			name = Debug;
		};
		9B8B81BD36D5CC62547FE183 /* Release */ = {
			isa = XCBuildConfiguration;
			buildSettings = {
				BUNDLE_LOADER = "$(TEST_HOST)";
				GENERATE_INFOPLIST_FILE = YES;
				LD_RUNPATH_SEARCH_PATHS = (
					"$(inherited)",
					"@executable_path/Frameworks",
					"@loader_path/Frameworks",
				);
				PRODUCT_BUNDLE_IDENTIFIER = "com.adamnolle.3DSeen-iOSTests";
				SDKROOT = iphoneos;
				SWIFT_VERSION = 5.9;
				TARGETED_DEVICE_FAMILY = "1,2";
				TEST_HOST = "$(BUILT_PRODUCTS_DIR)/3DSeen-iOS.app/3DSeen-iOS";
			};
			name = Release;
		};
		9D35906B7B1FD25BF39773FE /* Debug */ = {
			isa = XCBuildConfiguration;
			buildSettings = {
				ALWAYS_SEARCH_USER_PATHS = NO;
				CLANG_ANALYZER_NONNULL = YES;
				CLANG_ANALYZER_NUMBER_OBJECT_CONVERSION = YES_AGGRESSIVE;
				CLANG_CXX_LANGUAGE_STANDARD = "gnu++14";
				CLANG_CXX_LIBRARY = "libc++";
				CLANG_ENABLE_MODULES = YES;
				CLANG_ENABLE_OBJC_ARC = YES;
				CLANG_ENABLE_OBJC_WEAK = YES;
				CLANG_WARN_BLOCK_CAPTURE_AUTORELEASING = YES;
				CLANG_WARN_BOOL_CONVERSION = YES;
				CLANG_WARN_COMMA = YES;
				CLANG_WARN_CONSTANT_CONVERSION = YES;
				CLANG_WARN_DEPRECATED_OBJC_IMPLEMENTATIONS = YES;
				CLANG_WARN_DIRECT_OBJC_ISA_USAGE = YES_ERROR;
				CLANG_WARN_DOCUMENTATION_COMMENTS = YES;
				CLANG_WARN_EMPTY_BODY = YES;
				CLANG_WARN_ENUM_CONVERSION = YES;
				CLANG_WARN_INFINITE_RECURSION = YES;
				CLANG_WARN_INT_CONVERSION = YES;
				CLANG_WARN_NON_LITERAL_NULL_CONVERSION = YES;
				CLANG_WARN_OBJC_IMPLICIT_RETAIN_SELF = YES;
				CLANG_WARN_OBJC_LITERAL_CONVERSION = YES;
				CLANG_WARN_OBJC_ROOT_CLASS = YES_ERROR;
				CLANG_WARN_QUOTED_INCLUDE_IN_FRAMEWORK_HEADER = YES;
				CLANG_WARN_RANGE_LOOP_ANALYSIS = YES;
				CLANG_WARN_STRICT_PROTOTYPES = YES;
				CLANG_WARN_SUSPICIOUS_MOVE = YES;
				CLANG_WARN_UNGUARDED_AVAILABILITY = YES_AGGRESSIVE;
				CLANG_WARN_UNREACHABLE_CODE = YES;
				CLANG_WARN__DUPLICATE_METHOD_MATCH = YES;
				COPY_PHASE_STRIP = NO;
				DEBUG_INFORMATION_FORMAT = dwarf;
				ENABLE_STRICT_OBJC_MSGSEND = YES;
				ENABLE_TESTABILITY = YES;
				GCC_C_LANGUAGE_STANDARD = gnu11;
				GCC_DYNAMIC_NO_PIC = NO;
				GCC_NO_COMMON_BLOCKS = YES;
				GCC_OPTIMIZATION_LEVEL = 0;
				GCC_PREPROCESSOR_DEFINITIONS = (
					"$(inherited)",
					"DEBUG=1",
				);
				GCC_WARN_64_TO_32_BIT_CONVERSION = YES;
				GCC_WARN_ABOUT_RETURN_TYPE = YES_ERROR;
				GCC_WARN_UNDECLARED_SELECTOR = YES;
				GCC_WARN_UNINITIALIZED_AUTOS = YES_AGGRESSIVE;
				GCC_WARN_UNUSED_FUNCTION = YES;
				GCC_WARN_UNUSED_VARIABLE = YES;
				IPHONEOS_DEPLOYMENT_TARGET = 17.0;
				MACOSX_DEPLOYMENT_TARGET = 14.0;
				MTL_ENABLE_DEBUG_INFO = INCLUDE_SOURCE;
				MTL_FAST_MATH = YES;
				ONLY_ACTIVE_ARCH = YES;
				PRODUCT_NAME = "$(TARGET_NAME)";
				SWIFT_ACTIVE_COMPILATION_CONDITIONS = DEBUG;
				SWIFT_OPTIMIZATION_LEVEL = "-Onone";
				SWIFT_VERSION = 5.0;
			};
			name = Debug;
		};
		A971561F12BAF4DDA039FEAE /* Debug */ = {
			isa = XCBuildConfiguration;
			buildSettings = {
				ASSETCATALOG_COMPILER_APPICON_NAME = AppIcon;
				ASSETCATALOG_COMPILER_GLOBAL_ACCENT_COLOR_NAME = AccentColor;
				CODE_SIGN_ENTITLEMENTS = "Sources/macOS/3DSeen-macOS.entitlements";
				COMBINE_HIDPI_IMAGES = YES;
				CURRENT_PROJECT_VERSION = 1;
				DEVELOPMENT_TEAM = "";
				ENABLE_HARDENED_RUNTIME = YES;
				ENABLE_PREVIEWS = YES;
				INFOPLIST_FILE = Sources/macOS/Info.plist;
				LD_RUNPATH_SEARCH_PATHS = (
					"$(inherited)",
					"@executable_path/../Frameworks",
				);
				MARKETING_VERSION = 1.0.0;
				PRODUCT_BUNDLE_IDENTIFIER = "com.adamnolle.3DSeen-macOS";
				PRODUCT_MODULE_NAME = ThreeDSeenMac;
				SDKROOT = macosx;
				SWIFT_VERSION = 5.9;
			};
			name = Debug;
		};
		D0317DA2A7E21410D515AE70 /* Debug */ = {
			isa = XCBuildConfiguration;
			buildSettings = {
				BUNDLE_LOADER = "$(TEST_HOST)";
				GENERATE_INFOPLIST_FILE = YES;
				LD_RUNPATH_SEARCH_PATHS = (
					"$(inherited)",
					"@executable_path/Frameworks",
					"@loader_path/Frameworks",
				);
				PRODUCT_BUNDLE_IDENTIFIER = "com.adamnolle.3DSeen-iOSTests";
				SDKROOT = iphoneos;
				SWIFT_VERSION = 5.9;
				TARGETED_DEVICE_FAMILY = "1,2";
				TEST_HOST = "$(BUILT_PRODUCTS_DIR)/3DSeen-iOS.app/3DSeen-iOS";
			};
			name = Debug;
		};
		EF042C0338640065A4F91887 /* Release */ = {
			isa = XCBuildConfiguration;
			buildSettings = {
				BUNDLE_LOADER = "$(TEST_HOST)";
				GENERATE_INFOPLIST_FILE = YES;
				LD_RUNPATH_SEARCH_PATHS = (
					"$(inherited)",
					"@executable_path/Frameworks",
					"@loader_path/Frameworks",
				);
				PRODUCT_BUNDLE_IDENTIFIER = "com.adamnolle.3DSeen-iOSUITests";
				SDKROOT = iphoneos;
				SWIFT_VERSION = 5.9;
				TARGETED_DEVICE_FAMILY = "1,2";
				TEST_TARGET_NAME = "3DSeen-iOS";
			};
			name = Release;
		};
		F35F51C2B0ACFC83AAB09DAC /* Debug */ = {
			isa = XCBuildConfiguration;
			buildSettings = {
				BUNDLE_LOADER = "$(TEST_HOST)";
				COMBINE_HIDPI_IMAGES = YES;
				GENERATE_INFOPLIST_FILE = YES;
				LD_RUNPATH_SEARCH_PATHS = (
					"$(inherited)",
					"@executable_path/../Frameworks",
					"@loader_path/../Frameworks",
				);
				PRODUCT_BUNDLE_IDENTIFIER = "com.adamnolle.3DSeen-macOSTests";
				SDKROOT = macosx;
				SWIFT_VERSION = 5.9;
				TEST_HOST = "$(BUILT_PRODUCTS_DIR)/3DSeen-macOS.app/Contents/MacOS/3DSeen-macOS";
			};
			name = Debug;
		};
		F53B6A1FCCEEFF203C539152 /* Release */ = {
			isa = XCBuildConfiguration;
			buildSettings = {
				BUNDLE_LOADER = "$(TEST_HOST)";
				COMBINE_HIDPI_IMAGES = YES;
				GENERATE_INFOPLIST_FILE = YES;
				LD_RUNPATH_SEARCH_PATHS = (
					"$(inherited)",
					"@executable_path/../Frameworks",
					"@loader_path/../Frameworks",
				);
				PRODUCT_BUNDLE_IDENTIFIER = "com.adamnolle.3DSeen-macOSTests";
				SDKROOT = macosx;
				SWIFT_VERSION = 5.9;
				TEST_HOST = "$(BUILT_PRODUCTS_DIR)/3DSeen-macOS.app/Contents/MacOS/3DSeen-macOS";
			};
			name = Release;
		};
/* End XCBuildConfiguration section */

/* Begin XCConfigurationList section */
		06F24075E535F990A2B572CD /* Build configuration list for PBXNativeTarget "3DSeen-iOS" */ = {
			isa = XCConfigurationList;
			buildConfigurations = (
				43D5728DACC95044BFD4D1B9 /* Debug */,
				3738CC2238D718CFA28A75E9 /* Release */,
			);
			defaultConfigurationIsVisible = 0;
			defaultConfigurationName = Debug;
		};
		0AA503F6F79F2C91CA7D4383 /* Build configuration list for PBXProject "3DSeen" */ = {
			isa = XCConfigurationList;
			buildConfigurations = (
				9D35906B7B1FD25BF39773FE /* Debug */,
				32886FA0AB81CFA459B12327 /* Release */,
			);
			defaultConfigurationIsVisible = 0;
			defaultConfigurationName = Debug;
		};
		0B7D927FD12DE35EA7ED015F /* Build configuration list for PBXNativeTarget "3DSeen-macOS" */ = {
			isa = XCConfigurationList;
			buildConfigurations = (
				A971561F12BAF4DDA039FEAE /* Debug */,
				28F186F2A2D2DCAABE3E87BA /* Release */,
			);
			defaultConfigurationIsVisible = 0;
			defaultConfigurationName = Debug;
		};
		4E92150E3E64C75B1159AFC9 /* Build configuration list for PBXNativeTarget "3DSeen-iOSTests" */ = {
			isa = XCConfigurationList;
			buildConfigurations = (
				D0317DA2A7E21410D515AE70 /* Debug */,
				9B8B81BD36D5CC62547FE183 /* Release */,
			);
			defaultConfigurationIsVisible = 0;
			defaultConfigurationName = Debug;
		};
		71A6BAF299A6FB8976285212 /* Build configuration list for PBXNativeTarget "3DSeen-iOSUITests" */ = {
			isa = XCConfigurationList;
			buildConfigurations = (
				19F2FDBFDB8972E115048BA8 /* Debug */,
				EF042C0338640065A4F91887 /* Release */,
			);
			defaultConfigurationIsVisible = 0;
			defaultConfigurationName = Debug;
		};
		E97B4771F2320BA39D4B7562 /* Build configuration list for PBXNativeTarget "3DSeen-macOSTests" */ = {
			isa = XCConfigurationList;
			buildConfigurations = (
				F35F51C2B0ACFC83AAB09DAC /* Debug */,
				F53B6A1FCCEEFF203C539152 /* Release */,
			);
			defaultConfigurationIsVisible = 0;
			defaultConfigurationName = Debug;
		};
/* End XCConfigurationList section */

/* Begin XCRemoteSwiftPackageReference section */
		521D111E9FFB7C0D7574ED89 /* XCRemoteSwiftPackageReference "MetalSplatter" */ = {
			isa = XCRemoteSwiftPackageReference;
			repositoryURL = "https://github.com/scier/MetalSplatter";
			requirement = {
				kind = upToNextMajorVersion;
				minimumVersion = 0.1.1;
			};
		};
		8BBD7080256AF76F788CAE29 /* XCRemoteSwiftPackageReference "ZIPFoundation" */ = {
			isa = XCRemoteSwiftPackageReference;
			repositoryURL = "https://github.com/weichsel/ZIPFoundation";
			requirement = {
				kind = upToNextMajorVersion;
				minimumVersion = 0.9.19;
			};
		};
/* End XCRemoteSwiftPackageReference section */

/* Begin XCSwiftPackageProductDependency section */
		2B8FF1E5E37CC08F81E66CF6 /* SplatIO */ = {
			isa = XCSwiftPackageProductDependency;
			package = 521D111E9FFB7C0D7574ED89 /* XCRemoteSwiftPackageReference "MetalSplatter" */;
			productName = SplatIO;
		};
		7CFC7D9BFBE2A121EFD3E15F /* PLYIO */ = {
			isa = XCSwiftPackageProductDependency;
			package = 521D111E9FFB7C0D7574ED89 /* XCRemoteSwiftPackageReference "MetalSplatter" */;
			productName = PLYIO;
		};
		7E26BBE8E8DA99F248F75E73 /* MetalSplatter */ = {
			isa = XCSwiftPackageProductDependency;
			package = 521D111E9FFB7C0D7574ED89 /* XCRemoteSwiftPackageReference "MetalSplatter" */;
			productName = MetalSplatter;
		};
		8D254D25EC0DCBC2FF287C05 /* ZIPFoundation */ = {
			isa = XCSwiftPackageProductDependency;
			package = 8BBD7080256AF76F788CAE29 /* XCRemoteSwiftPackageReference "ZIPFoundation" */;
			productName = ZIPFoundation;
		};
		A28226202A9FD918A4BFDEF6 /* SplatIO */ = {
			isa = XCSwiftPackageProductDependency;
			package = 521D111E9FFB7C0D7574ED89 /* XCRemoteSwiftPackageReference "MetalSplatter" */;
			productName = SplatIO;
		};
		B8A7E315EAB4A35CDE7FAF4A /* ZIPFoundation */ = {
			isa = XCSwiftPackageProductDependency;
			package = 8BBD7080256AF76F788CAE29 /* XCRemoteSwiftPackageReference "ZIPFoundation" */;
			productName = ZIPFoundation;
		};
/* End XCSwiftPackageProductDependency section */
	};
	rootObject = 2D4C504670C3FC2DB92EEC6E /* Project object */;
}
